// !$*UTF8*$!
{
	archiveVersion = 1;
	classes = {
	};
	objectVersion = 55;
	objects = {

/* Begin PBXBuildFile section */
		0407C0AE28A66642006AFA59 /* GlobalFunctions.swift in Sources */ = {isa = PBXBuildFile; fileRef = 0407C0AD28A66642006AFA59 /* GlobalFunctions.swift */; };
		0407C0B128A91A65006AFA59 /* Email.swift in Sources */ = {isa = PBXBuildFile; fileRef = 0407C0B028A91A65006AFA59 /* Email.swift */; };
		040AA09527BECD61008F4BF5 /* User.swift in Sources */ = {isa = PBXBuildFile; fileRef = 040AA09427BECD61008F4BF5 /* User.swift */; };
		040AA09727BECDDD008F4BF5 /* HabitCheck.swift in Sources */ = {isa = PBXBuildFile; fileRef = 040AA09627BECDDD008F4BF5 /* HabitCheck.swift */; };
		040AA09927BECE16008F4BF5 /* Comment.swift in Sources */ = {isa = PBXBuildFile; fileRef = 040AA09827BECE16008F4BF5 /* Comment.swift */; };
		040C118328F16D380012160E /* Auth.swift in Sources */ = {isa = PBXBuildFile; fileRef = 040C118228F16D380012160E /* Auth.swift */; };
		042D64372964AD6A005A8FC4 /* SurveyButtonViewModel.swift in Sources */ = {isa = PBXBuildFile; fileRef = 042D64362964AD6A005A8FC4 /* SurveyButtonViewModel.swift */; };
		042D64392964AD79005A8FC4 /* QuestionButtonViewModel.swift in Sources */ = {isa = PBXBuildFile; fileRef = 042D64382964AD79005A8FC4 /* QuestionButtonViewModel.swift */; };
		042D643D2964AD8F005A8FC4 /* QuitButtonViewModel.swift in Sources */ = {isa = PBXBuildFile; fileRef = 042D643C2964AD8F005A8FC4 /* QuitButtonViewModel.swift */; };
		042D64402964B4E0005A8FC4 /* RxGesture in Frameworks */ = {isa = PBXBuildFile; productRef = 042D643F2964B4E0005A8FC4 /* RxGesture */; };
		043912BC2961F04F0005597F /* SettingRepository.swift in Sources */ = {isa = PBXBuildFile; fileRef = 043912BB2961F04F0005597F /* SettingRepository.swift */; };
		043912BE2961F06E0005597F /* MyProfileUseCase.swift in Sources */ = {isa = PBXBuildFile; fileRef = 043912BD2961F06E0005597F /* MyProfileUseCase.swift */; };
		043912C12961FD220005597F /* SettingRepositoryProtocol.swift in Sources */ = {isa = PBXBuildFile; fileRef = 043912C02961FD220005597F /* SettingRepositoryProtocol.swift */; };
		0444E00227C825A500B49F8B /* ScrapViewController.swift in Sources */ = {isa = PBXBuildFile; fileRef = 0444E00127C825A500B49F8B /* ScrapViewController.swift */; };
		044B812828A172AF002E8851 /* Survey.storyboard in Resources */ = {isa = PBXBuildFile; fileRef = F7B4F41D27D7B5090045580F /* Survey.storyboard */; };
		044FA674294A4C9F00EA5C78 /* RxViewController in Frameworks */ = {isa = PBXBuildFile; productRef = 044FA673294A4C9F00EA5C78 /* RxViewController */; };
		044FA685294B7A8C00EA5C78 /* UIFont.swift in Sources */ = {isa = PBXBuildFile; fileRef = 044FA684294B7A8C00EA5C78 /* UIFont.swift */; };
		0458E3BB29581F13002C1A4A /* SampleCoordinator.swift in Sources */ = {isa = PBXBuildFile; fileRef = 0458E3BA29581F13002C1A4A /* SampleCoordinator.swift */; };
		0458E3CB295A00A3002C1A4A /* FirebaseAnalytics in Frameworks */ = {isa = PBXBuildFile; productRef = 0458E3CA295A00A3002C1A4A /* FirebaseAnalytics */; };
		0458E3CD295A00A3002C1A4A /* FirebaseAuth in Frameworks */ = {isa = PBXBuildFile; productRef = 0458E3CC295A00A3002C1A4A /* FirebaseAuth */; };
		0458E3CF295A00A3002C1A4A /* FirebaseCrashlytics in Frameworks */ = {isa = PBXBuildFile; productRef = 0458E3CE295A00A3002C1A4A /* FirebaseCrashlytics */; };
		0458E3D1295A00A3002C1A4A /* FirebaseDatabase in Frameworks */ = {isa = PBXBuildFile; productRef = 0458E3D0295A00A3002C1A4A /* FirebaseDatabase */; };
		0458E3D3295A00A3002C1A4A /* FirebaseFirestore in Frameworks */ = {isa = PBXBuildFile; productRef = 0458E3D2295A00A3002C1A4A /* FirebaseFirestore */; };
		0458E3D5295A00A3002C1A4A /* FirebaseStorage in Frameworks */ = {isa = PBXBuildFile; productRef = 0458E3D4295A00A3002C1A4A /* FirebaseStorage */; };
		0458E3DB295A0487002C1A4A /* GoogleSignIn in Frameworks */ = {isa = PBXBuildFile; productRef = 0458E3DA295A0487002C1A4A /* GoogleSignIn */; };
		0458E3DD295AEC0D002C1A4A /* MyProfileView.swift in Sources */ = {isa = PBXBuildFile; fileRef = 0458E3DC295AEC0D002C1A4A /* MyProfileView.swift */; };
		0458E3DF295AEC2F002C1A4A /* SignInButtonView.swift in Sources */ = {isa = PBXBuildFile; fileRef = 0458E3DE295AEC2F002C1A4A /* SignInButtonView.swift */; };
		0458E3E1295AEC92002C1A4A /* NickNameView.swift in Sources */ = {isa = PBXBuildFile; fileRef = 0458E3E0295AEC92002C1A4A /* NickNameView.swift */; };
		0458E3E7295B169D002C1A4A /* SettingViewController.swift in Sources */ = {isa = PBXBuildFile; fileRef = 0458E3E6295B169D002C1A4A /* SettingViewController.swift */; };
		0458E3EB295B19B6002C1A4A /* BaseView.swift in Sources */ = {isa = PBXBuildFile; fileRef = 0458E3EA295B19B6002C1A4A /* BaseView.swift */; };
		0458E3ED295B19BE002C1A4A /* BaseViewController.swift in Sources */ = {isa = PBXBuildFile; fileRef = 0458E3EC295B19BE002C1A4A /* BaseViewController.swift */; };
		0458E3F0295EF76B002C1A4A /* SurveyButton.swift in Sources */ = {isa = PBXBuildFile; fileRef = 0458E3EF295EF76B002C1A4A /* SurveyButton.swift */; };
		0458E3F2295EF88F002C1A4A /* QuestionButton.swift in Sources */ = {isa = PBXBuildFile; fileRef = 0458E3F1295EF88F002C1A4A /* QuestionButton.swift */; };
		0458E3F4295EF89D002C1A4A /* SignOutButton.swift in Sources */ = {isa = PBXBuildFile; fileRef = 0458E3F3295EF89D002C1A4A /* SignOutButton.swift */; };
		0458E3F6295EF8B6002C1A4A /* QuitButton.swift in Sources */ = {isa = PBXBuildFile; fileRef = 0458E3F5295EF8B6002C1A4A /* QuitButton.swift */; };
		0458E3F8295F1E3D002C1A4A /* UIView.swift in Sources */ = {isa = PBXBuildFile; fileRef = 0458E3F7295F1E3D002C1A4A /* UIView.swift */; };
		0458E3FA2960809D002C1A4A /* MyProfileViewModel.swift in Sources */ = {isa = PBXBuildFile; fileRef = 0458E3F92960809D002C1A4A /* MyProfileViewModel.swift */; };
		0458E3FD296083BA002C1A4A /* Dummy.swift in Sources */ = {isa = PBXBuildFile; fileRef = 0458E3FC296083BA002C1A4A /* Dummy.swift */; };
		0458E4052960A9C4002C1A4A /* MateListTests.swift in Sources */ = {isa = PBXBuildFile; fileRef = 0458E4042960A9C4002C1A4A /* MateListTests.swift */; };
		0458E40E2960ACBC002C1A4A /* SampleUseCaseTest.swift in Sources */ = {isa = PBXBuildFile; fileRef = 0458E40D2960ACBC002C1A4A /* SampleUseCaseTest.swift */; };
		0458E411296127FD002C1A4A /* MyProfileViewModelTests.swift in Sources */ = {isa = PBXBuildFile; fileRef = 0458E410296127FD002C1A4A /* MyProfileViewModelTests.swift */; };
		0458E41229612CDB002C1A4A /* MyProfileViewModel.swift in Sources */ = {isa = PBXBuildFile; fileRef = 0458E3F92960809D002C1A4A /* MyProfileViewModel.swift */; };
		046F1A63294F10DF00B28371 /* HomeDefaultUseCase.swift in Sources */ = {isa = PBXBuildFile; fileRef = 046F1A62294F10DF00B28371 /* HomeDefaultUseCase.swift */; };
		046F1A65294F110800B28371 /* HomeDefaultUseCaseProtocol.swift in Sources */ = {isa = PBXBuildFile; fileRef = 046F1A64294F110800B28371 /* HomeDefaultUseCaseProtocol.swift */; };
		046F1A72294F39E700B28371 /* DefaultFirestoreRepository.swift in Sources */ = {isa = PBXBuildFile; fileRef = 046F1A71294F39E700B28371 /* DefaultFirestoreRepository.swift */; };
		046F1A74294F39F900B28371 /* DefaultFirestore.swift in Sources */ = {isa = PBXBuildFile; fileRef = 046F1A73294F39F900B28371 /* DefaultFirestore.swift */; };
		046F1A77294F834D00B28371 /* SampleConstant.swift in Sources */ = {isa = PBXBuildFile; fileRef = 046F1A76294F834D00B28371 /* SampleConstant.swift */; };
		046F1A79294FB42A00B28371 /* SampleRepo.swift in Sources */ = {isa = PBXBuildFile; fileRef = 046F1A78294FB42A00B28371 /* SampleRepo.swift */; };
		046F1A7D29515C7500B28371 /* IDFirestoreRepository.swift in Sources */ = {isa = PBXBuildFile; fileRef = 046F1A7C29515C7400B28371 /* IDFirestoreRepository.swift */; };
		046F1A7F29515C7F00B28371 /* IDFirestore.swift in Sources */ = {isa = PBXBuildFile; fileRef = 046F1A7E29515C7F00B28371 /* IDFirestore.swift */; };
		046F1A832951A51D00B28371 /* HomeCellViewModel.swift in Sources */ = {isa = PBXBuildFile; fileRef = 046F1A822951A51D00B28371 /* HomeCellViewModel.swift */; };
		046F1A852951A6F000B28371 /* HomeCellUseCase.swift in Sources */ = {isa = PBXBuildFile; fileRef = 046F1A842951A6F000B28371 /* HomeCellUseCase.swift */; };
		046F1A872951A70E00B28371 /* HomeCellUseCaseProtocol.swift in Sources */ = {isa = PBXBuildFile; fileRef = 046F1A862951A70E00B28371 /* HomeCellUseCaseProtocol.swift */; };
		046F1A8A2951CEE800B28371 /* IDFirestoreUseCase.swift in Sources */ = {isa = PBXBuildFile; fileRef = 046F1A892951CEE800B28371 /* IDFirestoreUseCase.swift */; };
		046F1A8C2951CEF600B28371 /* IDFirestoreUseCaseProtocol.swift in Sources */ = {isa = PBXBuildFile; fileRef = 046F1A8B2951CEF600B28371 /* IDFirestoreUseCaseProtocol.swift */; };
		04718D1D2907CA3400481015 /* NickNameViewController.swift in Sources */ = {isa = PBXBuildFile; fileRef = 04718D1B2907CA3400481015 /* NickNameViewController.swift */; };
		04718D1E2907CA3400481015 /* NickName.storyboard in Resources */ = {isa = PBXBuildFile; fileRef = 04718D1C2907CA3400481015 /* NickName.storyboard */; };
		04718D212907CB3500481015 /* SnapKit in Frameworks */ = {isa = PBXBuildFile; productRef = 04718D202907CB3500481015 /* SnapKit */; };
		04718D242907CBA200481015 /* RxCocoa in Frameworks */ = {isa = PBXBuildFile; productRef = 04718D232907CBA200481015 /* RxCocoa */; };
		04718D262907CBA200481015 /* RxRelay in Frameworks */ = {isa = PBXBuildFile; productRef = 04718D252907CBA200481015 /* RxRelay */; };
		04718D282907CBA200481015 /* RxSwift in Frameworks */ = {isa = PBXBuildFile; productRef = 04718D272907CBA200481015 /* RxSwift */; };
		04718D2C2907CBF600481015 /* TextField.swift in Sources */ = {isa = PBXBuildFile; fileRef = 04718D2B2907CBF600481015 /* TextField.swift */; };
		049231C0294858960084903D /* FlexLayout in Frameworks */ = {isa = PBXBuildFile; productRef = 049231BF294858960084903D /* FlexLayout */; };
		049231C429485DB50084903D /* HomeTableView.swift in Sources */ = {isa = PBXBuildFile; fileRef = 049231C329485DB50084903D /* HomeTableView.swift */; };
		049231C629485DBD0084903D /* HomeViewModel.swift in Sources */ = {isa = PBXBuildFile; fileRef = 049231C529485DBD0084903D /* HomeViewModel.swift */; };
		049231C829485DC70084903D /* HomeCell.swift in Sources */ = {isa = PBXBuildFile; fileRef = 049231C729485DC70084903D /* HomeCell.swift */; };
		049231CA29487AA10084903D /* WriteButton.swift in Sources */ = {isa = PBXBuildFile; fileRef = 049231C929487AA10084903D /* WriteButton.swift */; };
		049231CC29487AB70084903D /* HomeViewController.swift in Sources */ = {isa = PBXBuildFile; fileRef = 049231CB29487AB70084903D /* HomeViewController.swift */; };
		04BB243727ACED960003DA33 /* InfoViewController.swift in Sources */ = {isa = PBXBuildFile; fileRef = 04BB243627ACED960003DA33 /* InfoViewController.swift */; };
		3F2245BE27D62763002F29FE /* UIColor.swift in Sources */ = {isa = PBXBuildFile; fileRef = 3F2245BD27D62763002F29FE /* UIColor.swift */; };
		3FB23A5E27D79D3E00B8D071 /* FindMateTableViewCell.swift in Sources */ = {isa = PBXBuildFile; fileRef = 3FB23A5D27D79D3E00B8D071 /* FindMateTableViewCell.swift */; };
		3FCF3B4E27F888EC008771B8 /* KeychainItem.swift in Sources */ = {isa = PBXBuildFile; fileRef = 3FCF3B4D27F888EC008771B8 /* KeychainItem.swift */; };
		3FF0B03C27DA4E2C00CA147A /* Info.storyboard in Resources */ = {isa = PBXBuildFile; fileRef = 3FF0B03B27DA4E2C00CA147A /* Info.storyboard */; };
		5A75AE8827D9F2F9001C796C /* Scrap.storyboard in Resources */ = {isa = PBXBuildFile; fileRef = 5A75AE8727D9F2F9001C796C /* Scrap.storyboard */; };
		A600678027C7E4AA007C6EF1 /* (null) in Resources */ = {isa = PBXBuildFile; };
		A60D25A127F72E9600E6A553 /* consent_popup.storyboard in Resources */ = {isa = PBXBuildFile; fileRef = A60D25A027F72E9600E6A553 /* consent_popup.storyboard */; };
		A60D25A327F7317700E6A553 /* consent_popup.swift in Sources */ = {isa = PBXBuildFile; fileRef = A60D25A227F7317600E6A553 /* consent_popup.swift */; };
		A6B5B8202801BE9300D0CF98 /* GoogleService-Info.plist in Resources */ = {isa = PBXBuildFile; fileRef = A6B5B81F2801BE9300D0CF98 /* GoogleService-Info.plist */; };
		BC0BDC7C294CB6B000B73BE3 /* DefaultAppCoordinator.swift in Sources */ = {isa = PBXBuildFile; fileRef = BC0BDC7B294CB6B000B73BE3 /* DefaultAppCoordinator.swift */; };
		BC0C02022948433F006B281E /* Coordinator.swift in Sources */ = {isa = PBXBuildFile; fileRef = BC0C02012948433F006B281E /* Coordinator.swift */; };
		BC0C020429484384006B281E /* AppCoordinator.swift in Sources */ = {isa = PBXBuildFile; fileRef = BC0C020329484384006B281E /* AppCoordinator.swift */; };
		BC2B9A0529430F2B0040DE46 /* SampleRepositoryInterface.swift in Sources */ = {isa = PBXBuildFile; fileRef = BC2B9A0429430F2B0040DE46 /* SampleRepositoryInterface.swift */; };
		BC9A4925295025FC00E1D9C8 /* HomeCoordinator.swift in Sources */ = {isa = PBXBuildFile; fileRef = BC9A4924295025FC00E1D9C8 /* HomeCoordinator.swift */; };
		BCB0FFA829552A9000A1115A /* CoordinatorFinishDelegate.swift in Sources */ = {isa = PBXBuildFile; fileRef = BCB0FFA729552A9000A1115A /* CoordinatorFinishDelegate.swift */; };
		BCD6AB2F294EC42600FC27AD /* CoordinatorType.swift in Sources */ = {isa = PBXBuildFile; fileRef = BCD6AB2E294EC42600FC27AD /* CoordinatorType.swift */; };
		BCD6AB31294ECBFB00FC27AD /* TabBarPage.swift in Sources */ = {isa = PBXBuildFile; fileRef = BCD6AB30294ECBFB00FC27AD /* TabBarPage.swift */; };
		BCD6AB33294ECDA300FC27AD /* TabBarCoordinator.swift in Sources */ = {isa = PBXBuildFile; fileRef = BCD6AB32294ECDA300FC27AD /* TabBarCoordinator.swift */; };
		BCD6AB35294ECE5B00FC27AD /* DefaultTabBarCoordinator.swift in Sources */ = {isa = PBXBuildFile; fileRef = BCD6AB34294ECE5B00FC27AD /* DefaultTabBarCoordinator.swift */; };
		BCD6AB38294F1E6400FC27AD /* DefaultHomeCoordinator.swift in Sources */ = {isa = PBXBuildFile; fileRef = BCD6AB37294F1E6400FC27AD /* DefaultHomeCoordinator.swift */; };
		F731B77E27D4D5A5009670A4 /* DropDown in Frameworks */ = {isa = PBXBuildFile; productRef = F731B77D27D4D5A5009670A4 /* DropDown */; };
		F731B7A627D4FF09009670A4 /* Home.storyboard in Resources */ = {isa = PBXBuildFile; fileRef = F731B7A127D4FF09009670A4 /* Home.storyboard */; };
		F75452E727C7C59900E2DB41 /* Post.swift in Sources */ = {isa = PBXBuildFile; fileRef = F75452E627C7C59900E2DB41 /* Post.swift */; };
		F75452E927C7C5FB00E2DB41 /* FindMateViewController.swift in Sources */ = {isa = PBXBuildFile; fileRef = F75452E827C7C5FB00E2DB41 /* FindMateViewController.swift */; };
		F757546D27A4DF1800BFDF9B /* AppDelegate.swift in Sources */ = {isa = PBXBuildFile; fileRef = F757546C27A4DF1800BFDF9B /* AppDelegate.swift */; };
		F757546F27A4DF1800BFDF9B /* SceneDelegate.swift in Sources */ = {isa = PBXBuildFile; fileRef = F757546E27A4DF1800BFDF9B /* SceneDelegate.swift */; };
		F757547627A4DF1A00BFDF9B /* Assets.xcassets in Resources */ = {isa = PBXBuildFile; fileRef = F757547527A4DF1A00BFDF9B /* Assets.xcassets */; };
		F757547927A4DF1A00BFDF9B /* LaunchScreen.storyboard in Resources */ = {isa = PBXBuildFile; fileRef = F757547727A4DF1A00BFDF9B /* LaunchScreen.storyboard */; };
		F76B581527C5378100B6626D /* DetailTextView.swift in Sources */ = {isa = PBXBuildFile; fileRef = F76B581227C5378100B6626D /* DetailTextView.swift */; };
		F76B581E27C5380600B6626D /* ContentsDetailViewController.swift in Sources */ = {isa = PBXBuildFile; fileRef = F76B581727C5380600B6626D /* ContentsDetailViewController.swift */; };
		F76B582427C5380600B6626D /* WriteViewController.swift in Sources */ = {isa = PBXBuildFile; fileRef = F76B581D27C5380600B6626D /* WriteViewController.swift */; };
		F7B4F41427D7A55A0045580F /* Write.storyboard in Resources */ = {isa = PBXBuildFile; fileRef = F7B4F41127D7A55A0045580F /* Write.storyboard */; };
		F7B4F41627D7B4B80045580F /* SurveyViewController.swift in Sources */ = {isa = PBXBuildFile; fileRef = F7B4F41527D7B4B80045580F /* SurveyViewController.swift */; };
		F7B4F41827D7B4C00045580F /* ServeyInputViewController.swift in Sources */ = {isa = PBXBuildFile; fileRef = F7B4F41727D7B4C00045580F /* ServeyInputViewController.swift */; };
		F7B4F41A27D7B4CD0045580F /* SurveyViewCell.swift in Sources */ = {isa = PBXBuildFile; fileRef = F7B4F41927D7B4CD0045580F /* SurveyViewCell.swift */; };
		F7B4F41C27D7B5030045580F /* SurveyInput.storyboard in Resources */ = {isa = PBXBuildFile; fileRef = F7B4F41B27D7B5030045580F /* SurveyInput.storyboard */; };
		F7B4F42027D7B7460045580F /* SurveyInputViewCell.swift in Sources */ = {isa = PBXBuildFile; fileRef = F7B4F41F27D7B7460045580F /* SurveyInputViewCell.swift */; };
		F7CDDF0F27D6E96300DB6A30 /* ContentsDetailView.storyboard in Resources */ = {isa = PBXBuildFile; fileRef = F7CDDF0E27D6E96300DB6A30 /* ContentsDetailView.storyboard */; };
		F7EEBACD27CF43B9009728AF /* Main.storyboard in Resources */ = {isa = PBXBuildFile; fileRef = F7EEBACC27CF43B9009728AF /* Main.storyboard */; };
/* End PBXBuildFile section */

/* Begin PBXContainerItemProxy section */
		0458E4062960A9C4002C1A4A /* PBXContainerItemProxy */ = {
			isa = PBXContainerItemProxy;
			containerPortal = F757546127A4DF1800BFDF9B /* Project object */;
			proxyType = 1;
			remoteGlobalIDString = F757546827A4DF1800BFDF9B;
			remoteInfo = MateList;
		};
/* End PBXContainerItemProxy section */

/* Begin PBXFileReference section */
		0407C0AD28A66642006AFA59 /* GlobalFunctions.swift */ = {isa = PBXFileReference; lastKnownFileType = sourcecode.swift; path = GlobalFunctions.swift; sourceTree = "<group>"; };
		0407C0B028A91A65006AFA59 /* Email.swift */ = {isa = PBXFileReference; lastKnownFileType = sourcecode.swift; path = Email.swift; sourceTree = "<group>"; };
		040AA09427BECD61008F4BF5 /* User.swift */ = {isa = PBXFileReference; lastKnownFileType = sourcecode.swift; path = User.swift; sourceTree = "<group>"; };
		040AA09627BECDDD008F4BF5 /* HabitCheck.swift */ = {isa = PBXFileReference; lastKnownFileType = sourcecode.swift; path = HabitCheck.swift; sourceTree = "<group>"; };
		040AA09827BECE16008F4BF5 /* Comment.swift */ = {isa = PBXFileReference; lastKnownFileType = sourcecode.swift; path = Comment.swift; sourceTree = "<group>"; };
		040C118228F16D380012160E /* Auth.swift */ = {isa = PBXFileReference; lastKnownFileType = sourcecode.swift; path = Auth.swift; sourceTree = "<group>"; };
		042D64362964AD6A005A8FC4 /* SurveyButtonViewModel.swift */ = {isa = PBXFileReference; lastKnownFileType = sourcecode.swift; path = SurveyButtonViewModel.swift; sourceTree = "<group>"; };
		042D64382964AD79005A8FC4 /* QuestionButtonViewModel.swift */ = {isa = PBXFileReference; lastKnownFileType = sourcecode.swift; path = QuestionButtonViewModel.swift; sourceTree = "<group>"; };
		042D643C2964AD8F005A8FC4 /* QuitButtonViewModel.swift */ = {isa = PBXFileReference; lastKnownFileType = sourcecode.swift; path = QuitButtonViewModel.swift; sourceTree = "<group>"; };
		043912BB2961F04F0005597F /* SettingRepository.swift */ = {isa = PBXFileReference; lastKnownFileType = sourcecode.swift; path = SettingRepository.swift; sourceTree = "<group>"; };
		043912BD2961F06E0005597F /* MyProfileUseCase.swift */ = {isa = PBXFileReference; lastKnownFileType = sourcecode.swift; path = MyProfileUseCase.swift; sourceTree = "<group>"; };
		043912C02961FD220005597F /* SettingRepositoryProtocol.swift */ = {isa = PBXFileReference; lastKnownFileType = sourcecode.swift; path = SettingRepositoryProtocol.swift; sourceTree = "<group>"; };
		0444E00127C825A500B49F8B /* ScrapViewController.swift */ = {isa = PBXFileReference; lastKnownFileType = sourcecode.swift; path = ScrapViewController.swift; sourceTree = "<group>"; };
		044FA684294B7A8C00EA5C78 /* UIFont.swift */ = {isa = PBXFileReference; fileEncoding = 4; lastKnownFileType = sourcecode.swift; path = UIFont.swift; sourceTree = "<group>"; };
		0458E3BA29581F13002C1A4A /* SampleCoordinator.swift */ = {isa = PBXFileReference; lastKnownFileType = sourcecode.swift; path = SampleCoordinator.swift; sourceTree = "<group>"; };
		0458E3BC2959E406002C1A4A /* Refactoring.md */ = {isa = PBXFileReference; lastKnownFileType = net.daringfireball.markdown; path = Refactoring.md; sourceTree = "<group>"; };
		0458E3DC295AEC0D002C1A4A /* MyProfileView.swift */ = {isa = PBXFileReference; lastKnownFileType = sourcecode.swift; path = MyProfileView.swift; sourceTree = "<group>"; };
		0458E3DE295AEC2F002C1A4A /* SignInButtonView.swift */ = {isa = PBXFileReference; lastKnownFileType = sourcecode.swift; path = SignInButtonView.swift; sourceTree = "<group>"; };
		0458E3E0295AEC92002C1A4A /* NickNameView.swift */ = {isa = PBXFileReference; lastKnownFileType = sourcecode.swift; path = NickNameView.swift; sourceTree = "<group>"; };
		0458E3E6295B169D002C1A4A /* SettingViewController.swift */ = {isa = PBXFileReference; lastKnownFileType = sourcecode.swift; path = SettingViewController.swift; sourceTree = "<group>"; };
		0458E3EA295B19B6002C1A4A /* BaseView.swift */ = {isa = PBXFileReference; lastKnownFileType = sourcecode.swift; path = BaseView.swift; sourceTree = "<group>"; };
		0458E3EC295B19BE002C1A4A /* BaseViewController.swift */ = {isa = PBXFileReference; lastKnownFileType = sourcecode.swift; path = BaseViewController.swift; sourceTree = "<group>"; };
		0458E3EF295EF76B002C1A4A /* SurveyButton.swift */ = {isa = PBXFileReference; lastKnownFileType = sourcecode.swift; path = SurveyButton.swift; sourceTree = "<group>"; };
		0458E3F1295EF88F002C1A4A /* QuestionButton.swift */ = {isa = PBXFileReference; lastKnownFileType = sourcecode.swift; path = QuestionButton.swift; sourceTree = "<group>"; };
		0458E3F3295EF89D002C1A4A /* SignOutButton.swift */ = {isa = PBXFileReference; lastKnownFileType = sourcecode.swift; path = SignOutButton.swift; sourceTree = "<group>"; };
		0458E3F5295EF8B6002C1A4A /* QuitButton.swift */ = {isa = PBXFileReference; lastKnownFileType = sourcecode.swift; path = QuitButton.swift; sourceTree = "<group>"; };
		0458E3F7295F1E3D002C1A4A /* UIView.swift */ = {isa = PBXFileReference; lastKnownFileType = sourcecode.swift; path = UIView.swift; sourceTree = "<group>"; };
		0458E3F92960809D002C1A4A /* MyProfileViewModel.swift */ = {isa = PBXFileReference; lastKnownFileType = sourcecode.swift; path = MyProfileViewModel.swift; sourceTree = "<group>"; };
		0458E3FC296083BA002C1A4A /* Dummy.swift */ = {isa = PBXFileReference; lastKnownFileType = sourcecode.swift; path = Dummy.swift; sourceTree = "<group>"; };
		0458E4022960A9C4002C1A4A /* MateListTests.xctest */ = {isa = PBXFileReference; explicitFileType = wrapper.cfbundle; includeInIndex = 0; path = MateListTests.xctest; sourceTree = BUILT_PRODUCTS_DIR; };
		0458E4042960A9C4002C1A4A /* MateListTests.swift */ = {isa = PBXFileReference; lastKnownFileType = sourcecode.swift; path = MateListTests.swift; sourceTree = "<group>"; };
		0458E40D2960ACBC002C1A4A /* SampleUseCaseTest.swift */ = {isa = PBXFileReference; lastKnownFileType = sourcecode.swift; path = SampleUseCaseTest.swift; sourceTree = "<group>"; };
		0458E410296127FD002C1A4A /* MyProfileViewModelTests.swift */ = {isa = PBXFileReference; lastKnownFileType = sourcecode.swift; path = MyProfileViewModelTests.swift; sourceTree = "<group>"; };
		046F1A62294F10DF00B28371 /* HomeDefaultUseCase.swift */ = {isa = PBXFileReference; lastKnownFileType = sourcecode.swift; path = HomeDefaultUseCase.swift; sourceTree = "<group>"; };
		046F1A64294F110800B28371 /* HomeDefaultUseCaseProtocol.swift */ = {isa = PBXFileReference; lastKnownFileType = sourcecode.swift; path = HomeDefaultUseCaseProtocol.swift; sourceTree = "<group>"; };
		046F1A71294F39E700B28371 /* DefaultFirestoreRepository.swift */ = {isa = PBXFileReference; lastKnownFileType = sourcecode.swift; path = DefaultFirestoreRepository.swift; sourceTree = "<group>"; };
		046F1A73294F39F900B28371 /* DefaultFirestore.swift */ = {isa = PBXFileReference; lastKnownFileType = sourcecode.swift; path = DefaultFirestore.swift; sourceTree = "<group>"; };
		046F1A76294F834D00B28371 /* SampleConstant.swift */ = {isa = PBXFileReference; lastKnownFileType = sourcecode.swift; path = SampleConstant.swift; sourceTree = "<group>"; };
		046F1A78294FB42A00B28371 /* SampleRepo.swift */ = {isa = PBXFileReference; lastKnownFileType = sourcecode.swift; path = SampleRepo.swift; sourceTree = "<group>"; };
		046F1A7C29515C7400B28371 /* IDFirestoreRepository.swift */ = {isa = PBXFileReference; lastKnownFileType = sourcecode.swift; path = IDFirestoreRepository.swift; sourceTree = "<group>"; };
		046F1A7E29515C7F00B28371 /* IDFirestore.swift */ = {isa = PBXFileReference; lastKnownFileType = sourcecode.swift; path = IDFirestore.swift; sourceTree = "<group>"; };
		046F1A822951A51D00B28371 /* HomeCellViewModel.swift */ = {isa = PBXFileReference; lastKnownFileType = sourcecode.swift; path = HomeCellViewModel.swift; sourceTree = "<group>"; };
		046F1A842951A6F000B28371 /* HomeCellUseCase.swift */ = {isa = PBXFileReference; lastKnownFileType = sourcecode.swift; path = HomeCellUseCase.swift; sourceTree = "<group>"; };
		046F1A862951A70E00B28371 /* HomeCellUseCaseProtocol.swift */ = {isa = PBXFileReference; lastKnownFileType = sourcecode.swift; path = HomeCellUseCaseProtocol.swift; sourceTree = "<group>"; };
		046F1A892951CEE800B28371 /* IDFirestoreUseCase.swift */ = {isa = PBXFileReference; lastKnownFileType = sourcecode.swift; path = IDFirestoreUseCase.swift; sourceTree = "<group>"; };
		046F1A8B2951CEF600B28371 /* IDFirestoreUseCaseProtocol.swift */ = {isa = PBXFileReference; lastKnownFileType = sourcecode.swift; path = IDFirestoreUseCaseProtocol.swift; sourceTree = "<group>"; };
		04718D1B2907CA3400481015 /* NickNameViewController.swift */ = {isa = PBXFileReference; fileEncoding = 4; lastKnownFileType = sourcecode.swift; path = NickNameViewController.swift; sourceTree = "<group>"; };
		04718D1C2907CA3400481015 /* NickName.storyboard */ = {isa = PBXFileReference; fileEncoding = 4; lastKnownFileType = file.storyboard; path = NickName.storyboard; sourceTree = "<group>"; };
		04718D2B2907CBF600481015 /* TextField.swift */ = {isa = PBXFileReference; fileEncoding = 4; lastKnownFileType = sourcecode.swift; path = TextField.swift; sourceTree = "<group>"; };
		049231C329485DB50084903D /* HomeTableView.swift */ = {isa = PBXFileReference; lastKnownFileType = sourcecode.swift; path = HomeTableView.swift; sourceTree = "<group>"; };
		049231C529485DBD0084903D /* HomeViewModel.swift */ = {isa = PBXFileReference; lastKnownFileType = sourcecode.swift; path = HomeViewModel.swift; sourceTree = "<group>"; };
		049231C729485DC70084903D /* HomeCell.swift */ = {isa = PBXFileReference; lastKnownFileType = sourcecode.swift; path = HomeCell.swift; sourceTree = "<group>"; };
		049231C929487AA10084903D /* WriteButton.swift */ = {isa = PBXFileReference; lastKnownFileType = sourcecode.swift; path = WriteButton.swift; sourceTree = "<group>"; };
		049231CB29487AB70084903D /* HomeViewController.swift */ = {isa = PBXFileReference; lastKnownFileType = sourcecode.swift; path = HomeViewController.swift; sourceTree = "<group>"; };
		04BB243627ACED960003DA33 /* InfoViewController.swift */ = {isa = PBXFileReference; lastKnownFileType = sourcecode.swift; path = InfoViewController.swift; sourceTree = "<group>"; };
		3F2245BD27D62763002F29FE /* UIColor.swift */ = {isa = PBXFileReference; lastKnownFileType = sourcecode.swift; path = UIColor.swift; sourceTree = "<group>"; };
		3FB23A5D27D79D3E00B8D071 /* FindMateTableViewCell.swift */ = {isa = PBXFileReference; lastKnownFileType = sourcecode.swift; path = FindMateTableViewCell.swift; sourceTree = "<group>"; };
		3FCF3B4927F88552008771B8 /* MateList.entitlements */ = {isa = PBXFileReference; lastKnownFileType = text.plist.entitlements; path = MateList.entitlements; sourceTree = "<group>"; };
		3FCF3B4D27F888EC008771B8 /* KeychainItem.swift */ = {isa = PBXFileReference; lastKnownFileType = sourcecode.swift; path = KeychainItem.swift; sourceTree = "<group>"; };
		3FF0B03B27DA4E2C00CA147A /* Info.storyboard */ = {isa = PBXFileReference; fileEncoding = 4; lastKnownFileType = file.storyboard; path = Info.storyboard; sourceTree = "<group>"; };
		5A75AE8727D9F2F9001C796C /* Scrap.storyboard */ = {isa = PBXFileReference; fileEncoding = 4; lastKnownFileType = file.storyboard; path = Scrap.storyboard; sourceTree = "<group>"; };
		A60D25A027F72E9600E6A553 /* consent_popup.storyboard */ = {isa = PBXFileReference; lastKnownFileType = file.storyboard; path = consent_popup.storyboard; sourceTree = "<group>"; };
		A60D25A227F7317600E6A553 /* consent_popup.swift */ = {isa = PBXFileReference; lastKnownFileType = sourcecode.swift; path = consent_popup.swift; sourceTree = "<group>"; };
		A6B5B81F2801BE9300D0CF98 /* GoogleService-Info.plist */ = {isa = PBXFileReference; fileEncoding = 4; lastKnownFileType = text.plist.xml; path = "GoogleService-Info.plist"; sourceTree = "<group>"; };
		BC0BDC7B294CB6B000B73BE3 /* DefaultAppCoordinator.swift */ = {isa = PBXFileReference; lastKnownFileType = sourcecode.swift; path = DefaultAppCoordinator.swift; sourceTree = "<group>"; };
		BC0C02012948433F006B281E /* Coordinator.swift */ = {isa = PBXFileReference; lastKnownFileType = sourcecode.swift; path = Coordinator.swift; sourceTree = "<group>"; };
		BC0C020329484384006B281E /* AppCoordinator.swift */ = {isa = PBXFileReference; lastKnownFileType = sourcecode.swift; path = AppCoordinator.swift; sourceTree = "<group>"; };
		BC2B9A0429430F2B0040DE46 /* SampleRepositoryInterface.swift */ = {isa = PBXFileReference; lastKnownFileType = sourcecode.swift; path = SampleRepositoryInterface.swift; sourceTree = "<group>"; };
		BC9A4924295025FC00E1D9C8 /* HomeCoordinator.swift */ = {isa = PBXFileReference; lastKnownFileType = sourcecode.swift; path = HomeCoordinator.swift; sourceTree = "<group>"; };
		BCB0FFA729552A9000A1115A /* CoordinatorFinishDelegate.swift */ = {isa = PBXFileReference; lastKnownFileType = sourcecode.swift; path = CoordinatorFinishDelegate.swift; sourceTree = "<group>"; };
		BCD6AB2E294EC42600FC27AD /* CoordinatorType.swift */ = {isa = PBXFileReference; lastKnownFileType = sourcecode.swift; path = CoordinatorType.swift; sourceTree = "<group>"; };
		BCD6AB30294ECBFB00FC27AD /* TabBarPage.swift */ = {isa = PBXFileReference; lastKnownFileType = sourcecode.swift; path = TabBarPage.swift; sourceTree = "<group>"; };
		BCD6AB32294ECDA300FC27AD /* TabBarCoordinator.swift */ = {isa = PBXFileReference; lastKnownFileType = sourcecode.swift; path = TabBarCoordinator.swift; sourceTree = "<group>"; };
		BCD6AB34294ECE5B00FC27AD /* DefaultTabBarCoordinator.swift */ = {isa = PBXFileReference; lastKnownFileType = sourcecode.swift; path = DefaultTabBarCoordinator.swift; sourceTree = "<group>"; };
		BCD6AB37294F1E6400FC27AD /* DefaultHomeCoordinator.swift */ = {isa = PBXFileReference; lastKnownFileType = sourcecode.swift; path = DefaultHomeCoordinator.swift; sourceTree = "<group>"; };
		F731B7A127D4FF09009670A4 /* Home.storyboard */ = {isa = PBXFileReference; fileEncoding = 4; lastKnownFileType = file.storyboard; path = Home.storyboard; sourceTree = "<group>"; };
		F75452E627C7C59900E2DB41 /* Post.swift */ = {isa = PBXFileReference; fileEncoding = 4; lastKnownFileType = sourcecode.swift; path = Post.swift; sourceTree = "<group>"; };
		F75452E827C7C5FB00E2DB41 /* FindMateViewController.swift */ = {isa = PBXFileReference; fileEncoding = 4; lastKnownFileType = sourcecode.swift; path = FindMateViewController.swift; sourceTree = "<group>"; };
		F757546927A4DF1800BFDF9B /* MateList.app */ = {isa = PBXFileReference; explicitFileType = wrapper.application; includeInIndex = 0; path = MateList.app; sourceTree = BUILT_PRODUCTS_DIR; };
		F757546C27A4DF1800BFDF9B /* AppDelegate.swift */ = {isa = PBXFileReference; lastKnownFileType = sourcecode.swift; name = AppDelegate.swift; path = ../AppDelegate.swift; sourceTree = "<group>"; };
		F757546E27A4DF1800BFDF9B /* SceneDelegate.swift */ = {isa = PBXFileReference; lastKnownFileType = sourcecode.swift; name = SceneDelegate.swift; path = ../SceneDelegate.swift; sourceTree = "<group>"; };
		F757547527A4DF1A00BFDF9B /* Assets.xcassets */ = {isa = PBXFileReference; lastKnownFileType = folder.assetcatalog; path = Assets.xcassets; sourceTree = "<group>"; };
		F757547827A4DF1A00BFDF9B /* Base */ = {isa = PBXFileReference; lastKnownFileType = file.storyboard; name = Base; path = Base.lproj/LaunchScreen.storyboard; sourceTree = "<group>"; };
		F76B581227C5378100B6626D /* DetailTextView.swift */ = {isa = PBXFileReference; fileEncoding = 4; lastKnownFileType = sourcecode.swift; path = DetailTextView.swift; sourceTree = "<group>"; };
		F76B581727C5380600B6626D /* ContentsDetailViewController.swift */ = {isa = PBXFileReference; fileEncoding = 4; lastKnownFileType = sourcecode.swift; path = ContentsDetailViewController.swift; sourceTree = "<group>"; };
		F76B581D27C5380600B6626D /* WriteViewController.swift */ = {isa = PBXFileReference; fileEncoding = 4; lastKnownFileType = sourcecode.swift; path = WriteViewController.swift; sourceTree = "<group>"; };
		F7B4F41127D7A55A0045580F /* Write.storyboard */ = {isa = PBXFileReference; fileEncoding = 4; lastKnownFileType = file.storyboard; path = Write.storyboard; sourceTree = "<group>"; };
		F7B4F41527D7B4B80045580F /* SurveyViewController.swift */ = {isa = PBXFileReference; fileEncoding = 4; lastKnownFileType = sourcecode.swift; path = SurveyViewController.swift; sourceTree = "<group>"; };
		F7B4F41727D7B4C00045580F /* ServeyInputViewController.swift */ = {isa = PBXFileReference; fileEncoding = 4; lastKnownFileType = sourcecode.swift; path = ServeyInputViewController.swift; sourceTree = "<group>"; };
		F7B4F41927D7B4CD0045580F /* SurveyViewCell.swift */ = {isa = PBXFileReference; fileEncoding = 4; lastKnownFileType = sourcecode.swift; path = SurveyViewCell.swift; sourceTree = "<group>"; };
		F7B4F41B27D7B5030045580F /* SurveyInput.storyboard */ = {isa = PBXFileReference; fileEncoding = 4; lastKnownFileType = file.storyboard; path = SurveyInput.storyboard; sourceTree = "<group>"; };
		F7B4F41D27D7B5090045580F /* Survey.storyboard */ = {isa = PBXFileReference; fileEncoding = 4; lastKnownFileType = file.storyboard; path = Survey.storyboard; sourceTree = "<group>"; };
		F7B4F41F27D7B7460045580F /* SurveyInputViewCell.swift */ = {isa = PBXFileReference; fileEncoding = 4; lastKnownFileType = sourcecode.swift; path = SurveyInputViewCell.swift; sourceTree = "<group>"; };
		F7CDDF0E27D6E96300DB6A30 /* ContentsDetailView.storyboard */ = {isa = PBXFileReference; fileEncoding = 4; lastKnownFileType = file.storyboard; path = ContentsDetailView.storyboard; sourceTree = "<group>"; };
		F7EEBACC27CF43B9009728AF /* Main.storyboard */ = {isa = PBXFileReference; fileEncoding = 4; lastKnownFileType = file.storyboard; path = Main.storyboard; sourceTree = "<group>"; };
/* End PBXFileReference section */

/* Begin PBXFrameworksBuildPhase section */
		0458E3FF2960A9C4002C1A4A /* Frameworks */ = {
			isa = PBXFrameworksBuildPhase;
			buildActionMask = 2147483647;
			files = (
			);
			runOnlyForDeploymentPostprocessing = 0;
		};
		F757546627A4DF1800BFDF9B /* Frameworks */ = {
			isa = PBXFrameworksBuildPhase;
			buildActionMask = 2147483647;
			files = (
				04718D262907CBA200481015 /* RxRelay in Frameworks */,
				0458E3D3295A00A3002C1A4A /* FirebaseFirestore in Frameworks */,
				0458E3CD295A00A3002C1A4A /* FirebaseAuth in Frameworks */,
				04718D242907CBA200481015 /* RxCocoa in Frameworks */,
				044FA674294A4C9F00EA5C78 /* RxViewController in Frameworks */,
				0458E3CF295A00A3002C1A4A /* FirebaseCrashlytics in Frameworks */,
				0458E3D1295A00A3002C1A4A /* FirebaseDatabase in Frameworks */,
				042D64402964B4E0005A8FC4 /* RxGesture in Frameworks */,
				049231C0294858960084903D /* FlexLayout in Frameworks */,
				04718D212907CB3500481015 /* SnapKit in Frameworks */,
				F731B77E27D4D5A5009670A4 /* DropDown in Frameworks */,
				0458E3D5295A00A3002C1A4A /* FirebaseStorage in Frameworks */,
				04718D282907CBA200481015 /* RxSwift in Frameworks */,
				0458E3CB295A00A3002C1A4A /* FirebaseAnalytics in Frameworks */,
				0458E3DB295A0487002C1A4A /* GoogleSignIn in Frameworks */,
			);
			runOnlyForDeploymentPostprocessing = 0;
		};
/* End PBXFrameworksBuildPhase section */

/* Begin PBXGroup section */
		0407C0AB28A6111D006AFA59 /* Extention */ = {
			isa = PBXGroup;
			children = (
				044FA684294B7A8C00EA5C78 /* UIFont.swift */,
				04718D2B2907CBF600481015 /* TextField.swift */,
				3F2245BD27D62763002F29FE /* UIColor.swift */,
				0458E3F7295F1E3D002C1A4A /* UIView.swift */,
			);
			path = Extention;
			sourceTree = "<group>";
		};
		0407C0AC28A63780006AFA59 /* Write */ = {
			isa = PBXGroup;
			children = (
				F7B4F41127D7A55A0045580F /* Write.storyboard */,
				F76B581D27C5380600B6626D /* WriteViewController.swift */,
			);
			path = Write;
			sourceTree = "<group>";
		};
		0407C0AF28A91A48006AFA59 /* Constant */ = {
			isa = PBXGroup;
			children = (
				0407C0B028A91A65006AFA59 /* Email.swift */,
			);
			path = Constant;
			sourceTree = "<group>";
		};
		040C118128F16D2A0012160E /* Network */ = {
			isa = PBXGroup;
			children = (
				040C118228F16D380012160E /* Auth.swift */,
			);
			path = Network;
			sourceTree = "<group>";
		};
		042D642D2964ACA1005A8FC4 /* OtherButton */ = {
			isa = PBXGroup;
			children = (
				042D64362964AD6A005A8FC4 /* SurveyButtonViewModel.swift */,
				042D64382964AD79005A8FC4 /* QuestionButtonViewModel.swift */,
				042D643C2964AD8F005A8FC4 /* QuitButtonViewModel.swift */,
			);
			path = OtherButton;
			sourceTree = "<group>";
		};
		043912B92961F0250005597F /* Setting */ = {
			isa = PBXGroup;
			children = (
				043912BD2961F06E0005597F /* MyProfileUseCase.swift */,
			);
			path = Setting;
			sourceTree = "<group>";
		};
		043912BA2961F0310005597F /* Setting */ = {
			isa = PBXGroup;
			children = (
				043912BF2961FD120005597F /* Protocol */,
				043912BB2961F04F0005597F /* SettingRepository.swift */,
			);
			path = Setting;
			sourceTree = "<group>";
		};
		043912BF2961FD120005597F /* Protocol */ = {
			isa = PBXGroup;
			children = (
				043912C02961FD220005597F /* SettingRepositoryProtocol.swift */,
			);
			path = Protocol;
			sourceTree = "<group>";
		};
		044B811F28A14DBF002E8851 /* Detail */ = {
			isa = PBXGroup;
			children = (
				F76B581227C5378100B6626D /* DetailTextView.swift */,
				F76B581727C5380600B6626D /* ContentsDetailViewController.swift */,
				F7CDDF0E27D6E96300DB6A30 /* ContentsDetailView.storyboard */,
			);
			path = Detail;
			sourceTree = "<group>";
		};
		044B812028A14DD9002E8851 /* Home */ = {
			isa = PBXGroup;
			children = (
				BCD6AB36294F1E4D00FC27AD /* Coordinator */,
				049231CD29487ABB0084903D /* ViewController */,
				049231C229485DA90084903D /* ViewModel */,
				049231C129485DA00084903D /* View */,
				F731B7A127D4FF09009670A4 /* Home.storyboard */,
				F75452E827C7C5FB00E2DB41 /* FindMateViewController.swift */,
				3FB23A5D27D79D3E00B8D071 /* FindMateTableViewCell.swift */,
			);
			path = Home;
			sourceTree = "<group>";
		};
		044B812128A14DE5002E8851 /* Scrap */ = {
			isa = PBXGroup;
			children = (
				5A75AE8727D9F2F9001C796C /* Scrap.storyboard */,
				0444E00127C825A500B49F8B /* ScrapViewController.swift */,
			);
			path = Scrap;
			sourceTree = "<group>";
		};
		044B812328A14DFA002E8851 /* Base */ = {
			isa = PBXGroup;
			children = (
				0458E3E9295B1999002C1A4A /* View */,
				0458E3E8295B198C002C1A4A /* ViewController */,
				F757547727A4DF1A00BFDF9B /* LaunchScreen.storyboard */,
				F7EEBACC27CF43B9009728AF /* Main.storyboard */,
				0407C0AD28A66642006AFA59 /* GlobalFunctions.swift */,
			);
			path = Base;
			sourceTree = "<group>";
		};
		044B812428A14E13002E8851 /* Setting */ = {
			isa = PBXGroup;
			children = (
				0458E3B329581EED002C1A4A /* View */,
				0458E3B229581EE8002C1A4A /* ViewModel */,
				0458E3B129581EDC002C1A4A /* ViewController */,
				0458E3B029581ED5002C1A4A /* Coordinator */,
				04BB243627ACED960003DA33 /* InfoViewController.swift */,
				3FF0B03B27DA4E2C00CA147A /* Info.storyboard */,
				A60D25A227F7317600E6A553 /* consent_popup.swift */,
				A60D25A027F72E9600E6A553 /* consent_popup.storyboard */,
				0458E3BC2959E406002C1A4A /* Refactoring.md */,
			);
			path = Setting;
			sourceTree = "<group>";
		};
		044B812528A14E18002E8851 /* Survey */ = {
			isa = PBXGroup;
			children = (
				F7B4F41B27D7B5030045580F /* SurveyInput.storyboard */,
				F7B4F41727D7B4C00045580F /* ServeyInputViewController.swift */,
				F7B4F41F27D7B7460045580F /* SurveyInputViewCell.swift */,
				F7B4F41D27D7B5090045580F /* Survey.storyboard */,
				F7B4F41527D7B4B80045580F /* SurveyViewController.swift */,
				F7B4F41927D7B4CD0045580F /* SurveyViewCell.swift */,
			);
			path = Survey;
			sourceTree = "<group>";
		};
		044B812628A14EBD002E8851 /* Resource */ = {
			isa = PBXGroup;
			children = (
				0407C0AF28A91A48006AFA59 /* Constant */,
				0407C0AB28A6111D006AFA59 /* Extention */,
			);
			path = Resource;
			sourceTree = "<group>";
		};
		0458E3B029581ED5002C1A4A /* Coordinator */ = {
			isa = PBXGroup;
			children = (
				0458E3BA29581F13002C1A4A /* SampleCoordinator.swift */,
			);
			path = Coordinator;
			sourceTree = "<group>";
		};
		0458E3B129581EDC002C1A4A /* ViewController */ = {
			isa = PBXGroup;
			children = (
				0458E3E6295B169D002C1A4A /* SettingViewController.swift */,
			);
			path = ViewController;
			sourceTree = "<group>";
		};
		0458E3B229581EE8002C1A4A /* ViewModel */ = {
			isa = PBXGroup;
			children = (
				042D642D2964ACA1005A8FC4 /* OtherButton */,
				0458E3F92960809D002C1A4A /* MyProfileViewModel.swift */,
			);
			path = ViewModel;
			sourceTree = "<group>";
		};
		0458E3B329581EED002C1A4A /* View */ = {
			isa = PBXGroup;
			children = (
				0458E3EE295EF6E7002C1A4A /* OtherButton */,
				0458E3DC295AEC0D002C1A4A /* MyProfileView.swift */,
				0458E3DE295AEC2F002C1A4A /* SignInButtonView.swift */,
				0458E3E0295AEC92002C1A4A /* NickNameView.swift */,
			);
			path = View;
			sourceTree = "<group>";
		};
		0458E3E8295B198C002C1A4A /* ViewController */ = {
			isa = PBXGroup;
			children = (
				0458E3EC295B19BE002C1A4A /* BaseViewController.swift */,
			);
			path = ViewController;
			sourceTree = "<group>";
		};
		0458E3E9295B1999002C1A4A /* View */ = {
			isa = PBXGroup;
			children = (
				0458E3EA295B19B6002C1A4A /* BaseView.swift */,
			);
			path = View;
			sourceTree = "<group>";
		};
		0458E3EE295EF6E7002C1A4A /* OtherButton */ = {
			isa = PBXGroup;
			children = (
				0458E3EF295EF76B002C1A4A /* SurveyButton.swift */,
				0458E3F1295EF88F002C1A4A /* QuestionButton.swift */,
				0458E3F3295EF89D002C1A4A /* SignOutButton.swift */,
				0458E3F5295EF8B6002C1A4A /* QuitButton.swift */,
			);
			path = OtherButton;
			sourceTree = "<group>";
		};
		0458E3FB2960827A002C1A4A /* Dummy */ = {
			isa = PBXGroup;
			children = (
				0458E3FC296083BA002C1A4A /* Dummy.swift */,
			);
			path = Dummy;
			sourceTree = "<group>";
		};
		0458E4032960A9C4002C1A4A /* MateListTests */ = {
			isa = PBXGroup;
			children = (
				0458E40C2960AC93002C1A4A /* ViewModel */,
				0458E40B2960AC8C002C1A4A /* UseCase */,
			);
			path = MateListTests;
			sourceTree = "<group>";
		};
		0458E40B2960AC8C002C1A4A /* UseCase */ = {
			isa = PBXGroup;
			children = (
				0458E40D2960ACBC002C1A4A /* SampleUseCaseTest.swift */,
			);
			path = UseCase;
			sourceTree = "<group>";
		};
		0458E40C2960AC93002C1A4A /* ViewModel */ = {
			isa = PBXGroup;
			children = (
				0458E40F29612614002C1A4A /* Setting */,
				0458E4042960A9C4002C1A4A /* MateListTests.swift */,
			);
			path = ViewModel;
			sourceTree = "<group>";
		};
		0458E40F29612614002C1A4A /* Setting */ = {
			isa = PBXGroup;
			children = (
				0458E410296127FD002C1A4A /* MyProfileViewModelTests.swift */,
			);
			path = Setting;
			sourceTree = "<group>";
		};
		046F1A66294F136F00B28371 /* Response */ = {
			isa = PBXGroup;
			children = (
				040AA09427BECD61008F4BF5 /* User.swift */,
				040AA09627BECDDD008F4BF5 /* HabitCheck.swift */,
				040AA09827BECE16008F4BF5 /* Comment.swift */,
				F75452E627C7C59900E2DB41 /* Post.swift */,
			);
			path = Response;
			sourceTree = "<group>";
		};
		046F1A6E294F39B400B28371 /* Common */ = {
			isa = PBXGroup;
			children = (
				046F1A70294F39C600B28371 /* Protocol */,
				046F1A71294F39E700B28371 /* DefaultFirestoreRepository.swift */,
				046F1A7C29515C7400B28371 /* IDFirestoreRepository.swift */,
			);
			path = Common;
			sourceTree = "<group>";
		};
		046F1A6F294F39BA00B28371 /* Home */ = {
			isa = PBXGroup;
			children = (
				046F1A78294FB42A00B28371 /* SampleRepo.swift */,
			);
			path = Home;
			sourceTree = "<group>";
		};
		046F1A70294F39C600B28371 /* Protocol */ = {
			isa = PBXGroup;
			children = (
				046F1A73294F39F900B28371 /* DefaultFirestore.swift */,
				046F1A7E29515C7F00B28371 /* IDFirestore.swift */,
			);
			path = Protocol;
			sourceTree = "<group>";
		};
		046F1A75294F3B3800B28371 /* Constant */ = {
			isa = PBXGroup;
			children = (
				046F1A76294F834D00B28371 /* SampleConstant.swift */,
			);
			path = Constant;
			sourceTree = "<group>";
		};
		046F1A882951CEC800B28371 /* Common */ = {
			isa = PBXGroup;
			children = (
				046F1A892951CEE800B28371 /* IDFirestoreUseCase.swift */,
			);
			path = Common;
			sourceTree = "<group>";
		};
		04718D1A2907CA3400481015 /* NickName */ = {
			isa = PBXGroup;
			children = (
				04718D1B2907CA3400481015 /* NickNameViewController.swift */,
				04718D1C2907CA3400481015 /* NickName.storyboard */,
			);
			path = NickName;
			sourceTree = "<group>";
		};
		049231C129485DA00084903D /* View */ = {
			isa = PBXGroup;
			children = (
				049231C329485DB50084903D /* HomeTableView.swift */,
				049231C729485DC70084903D /* HomeCell.swift */,
				049231C929487AA10084903D /* WriteButton.swift */,
			);
			path = View;
			sourceTree = "<group>";
		};
		049231C229485DA90084903D /* ViewModel */ = {
			isa = PBXGroup;
			children = (
				049231C529485DBD0084903D /* HomeViewModel.swift */,
				046F1A822951A51D00B28371 /* HomeCellViewModel.swift */,
			);
			path = ViewModel;
			sourceTree = "<group>";
		};
		049231CD29487ABB0084903D /* ViewController */ = {
			isa = PBXGroup;
			children = (
				049231CB29487AB70084903D /* HomeViewController.swift */,
			);
			path = ViewController;
			sourceTree = "<group>";
		};
		04AD0F17294E630400F141B9 /* Home */ = {
			isa = PBXGroup;
			children = (
				046F1A62294F10DF00B28371 /* HomeDefaultUseCase.swift */,
				046F1A842951A6F000B28371 /* HomeCellUseCase.swift */,
			);
			path = Home;
			sourceTree = "<group>";
		};
		04AD0F1A294E65D000F141B9 /* Protocol */ = {
			isa = PBXGroup;
			children = (
				046F1A64294F110800B28371 /* HomeDefaultUseCaseProtocol.swift */,
				046F1A862951A70E00B28371 /* HomeCellUseCaseProtocol.swift */,
				046F1A8B2951CEF600B28371 /* IDFirestoreUseCaseProtocol.swift */,
			);
			path = Protocol;
			sourceTree = "<group>";
		};
		3FCF3B4C27F888C5008771B8 /* Supporting Files */ = {
			isa = PBXGroup;
			children = (
				3FCF3B4D27F888EC008771B8 /* KeychainItem.swift */,
			);
			name = "Supporting Files";
			sourceTree = "<group>";
		};
		BC0BDC7A294CB67300B73BE3 /* Coordinator */ = {
			isa = PBXGroup;
			children = (
				BC0C020029484331006B281E /* Protocol */,
				BC0BDC7B294CB6B000B73BE3 /* DefaultAppCoordinator.swift */,
				BCD6AB34294ECE5B00FC27AD /* DefaultTabBarCoordinator.swift */,
			);
			path = Coordinator;
			sourceTree = "<group>";
		};
		BC0C01FF29484315006B281E /* Common */ = {
			isa = PBXGroup;
			children = (
				BC0BDC7A294CB67300B73BE3 /* Coordinator */,
			);
			path = Common;
			sourceTree = "<group>";
		};
		BC0C020029484331006B281E /* Protocol */ = {
			isa = PBXGroup;
			children = (
				BC0C02012948433F006B281E /* Coordinator.swift */,
				BC0C020329484384006B281E /* AppCoordinator.swift */,
				BCD6AB32294ECDA300FC27AD /* TabBarCoordinator.swift */,
				BCB0FFA729552A9000A1115A /* CoordinatorFinishDelegate.swift */,
			);
			path = Protocol;
			sourceTree = "<group>";
		};
		BC2B99F229430CFE0040DE46 /* Domain */ = {
			isa = PBXGroup;
			children = (
				0458E3FB2960827A002C1A4A /* Dummy */,
				BC2B99F829430D2C0040DE46 /* Repository+Interface */,
				BC2B99F729430D260040DE46 /* Entity */,
				BC2B99F629430D210040DE46 /* UseCase */,
			);
			path = Domain;
			sourceTree = "<group>";
		};
		BC2B99F329430D040040DE46 /* Data */ = {
			isa = PBXGroup;
			children = (
				BC2B99F429430D090040DE46 /* Repository */,
			);
			path = Data;
			sourceTree = "<group>";
		};
		BC2B99F429430D090040DE46 /* Repository */ = {
			isa = PBXGroup;
			children = (
				043912BA2961F0310005597F /* Setting */,
				046F1A6F294F39BA00B28371 /* Home */,
				046F1A6E294F39B400B28371 /* Common */,
			);
			path = Repository;
			sourceTree = "<group>";
		};
		BC2B99F629430D210040DE46 /* UseCase */ = {
			isa = PBXGroup;
			children = (
				043912B92961F0250005597F /* Setting */,
				04AD0F1A294E65D000F141B9 /* Protocol */,
				046F1A882951CEC800B28371 /* Common */,
				04AD0F17294E630400F141B9 /* Home */,
			);
			path = UseCase;
			sourceTree = "<group>";
		};
		BC2B99F729430D260040DE46 /* Entity */ = {
			isa = PBXGroup;
			children = (
				046F1A66294F136F00B28371 /* Response */,
			);
			path = Entity;
			sourceTree = "<group>";
		};
		BC2B99F829430D2C0040DE46 /* Repository+Interface */ = {
			isa = PBXGroup;
			children = (
				BC2B9A0429430F2B0040DE46 /* SampleRepositoryInterface.swift */,
			);
			path = "Repository+Interface";
			sourceTree = "<group>";
		};
		BC9A4923295025EE00E1D9C8 /* Protocol */ = {
			isa = PBXGroup;
			children = (
				BC9A4924295025FC00E1D9C8 /* HomeCoordinator.swift */,
			);
			path = Protocol;
			sourceTree = "<group>";
		};
		BCD6AB2D294EC41300FC27AD /* Util */ = {
			isa = PBXGroup;
			children = (
				046F1A75294F3B3800B28371 /* Constant */,
				BCD6AB2E294EC42600FC27AD /* CoordinatorType.swift */,
				BCD6AB30294ECBFB00FC27AD /* TabBarPage.swift */,
			);
			path = Util;
			sourceTree = "<group>";
		};
		BCD6AB36294F1E4D00FC27AD /* Coordinator */ = {
			isa = PBXGroup;
			children = (
				BC9A4923295025EE00E1D9C8 /* Protocol */,
				BCD6AB37294F1E6400FC27AD /* DefaultHomeCoordinator.swift */,
			);
			path = Coordinator;
			sourceTree = "<group>";
		};
		F711782927C011A600729B52 /* Recovered References */ = {
			isa = PBXGroup;
			children = (
			);
			name = "Recovered References";
			sourceTree = "<group>";
		};
		F7379F2127AD37C000D99CD4 /* Presentation */ = {
			isa = PBXGroup;
			children = (
				04718D1A2907CA3400481015 /* NickName */,
				BC0C01FF29484315006B281E /* Common */,
				0407C0AC28A63780006AFA59 /* Write */,
				044B812328A14DFA002E8851 /* Base */,
				044B812528A14E18002E8851 /* Survey */,
				044B812428A14E13002E8851 /* Setting */,
				044B812128A14DE5002E8851 /* Scrap */,
				044B812028A14DD9002E8851 /* Home */,
				044B811F28A14DBF002E8851 /* Detail */,
			);
			path = Presentation;
			sourceTree = "<group>";
		};
		F7379F2227AD409D00D99CD4 /* App */ = {
			isa = PBXGroup;
			children = (
				F757546C27A4DF1800BFDF9B /* AppDelegate.swift */,
				F757546E27A4DF1800BFDF9B /* SceneDelegate.swift */,
			);
			path = App;
			sourceTree = "<group>";
		};
		F757546027A4DF1800BFDF9B = {
			isa = PBXGroup;
			children = (
				F757546B27A4DF1800BFDF9B /* MateList */,
				0458E4032960A9C4002C1A4A /* MateListTests */,
				F757546A27A4DF1800BFDF9B /* Products */,
				F711782927C011A600729B52 /* Recovered References */,
				3FCF3B4C27F888C5008771B8 /* Supporting Files */,
			);
			sourceTree = "<group>";
		};
		F757546A27A4DF1800BFDF9B /* Products */ = {
			isa = PBXGroup;
			children = (
				F757546927A4DF1800BFDF9B /* MateList.app */,
				0458E4022960A9C4002C1A4A /* MateListTests.xctest */,
			);
			name = Products;
			sourceTree = "<group>";
		};
		F757546B27A4DF1800BFDF9B /* MateList */ = {
			isa = PBXGroup;
			children = (
				3FCF3B4927F88552008771B8 /* MateList.entitlements */,
				F7379F2227AD409D00D99CD4 /* App */,
				F7379F2127AD37C000D99CD4 /* Presentation */,
				BC2B99F229430CFE0040DE46 /* Domain */,
				044B812628A14EBD002E8851 /* Resource */,
				BC2B99F329430D040040DE46 /* Data */,
				040C118128F16D2A0012160E /* Network */,
				BCD6AB2D294EC41300FC27AD /* Util */,
				F757547527A4DF1A00BFDF9B /* Assets.xcassets */,
				A6B5B81F2801BE9300D0CF98 /* GoogleService-Info.plist */,
			);
			path = MateList;
			sourceTree = "<group>";
		};
/* End PBXGroup section */

/* Begin PBXNativeTarget section */
		0458E4012960A9C4002C1A4A /* MateListTests */ = {
			isa = PBXNativeTarget;
			buildConfigurationList = 0458E40A2960A9C4002C1A4A /* Build configuration list for PBXNativeTarget "MateListTests" */;
			buildPhases = (
				0458E3FE2960A9C4002C1A4A /* Sources */,
				0458E3FF2960A9C4002C1A4A /* Frameworks */,
				0458E4002960A9C4002C1A4A /* Resources */,
			);
			buildRules = (
			);
			dependencies = (
				0458E4072960A9C4002C1A4A /* PBXTargetDependency */,
			);
			name = MateListTests;
			productName = MateListTests;
			productReference = 0458E4022960A9C4002C1A4A /* MateListTests.xctest */;
			productType = "com.apple.product-type.bundle.unit-test";
		};
		F757546827A4DF1800BFDF9B /* MateList */ = {
			isa = PBXNativeTarget;
			buildConfigurationList = F757547D27A4DF1A00BFDF9B /* Build configuration list for PBXNativeTarget "MateList" */;
			buildPhases = (
				F757546527A4DF1800BFDF9B /* Sources */,
				F757546627A4DF1800BFDF9B /* Frameworks */,
				F757546727A4DF1800BFDF9B /* Resources */,
			);
			buildRules = (
			);
			dependencies = (
			);
			name = MateList;
			packageProductDependencies = (
				F731B77D27D4D5A5009670A4 /* DropDown */,
				04718D202907CB3500481015 /* SnapKit */,
				04718D232907CBA200481015 /* RxCocoa */,
				04718D252907CBA200481015 /* RxRelay */,
				04718D272907CBA200481015 /* RxSwift */,
				049231BF294858960084903D /* FlexLayout */,
				044FA673294A4C9F00EA5C78 /* RxViewController */,
				0458E3CA295A00A3002C1A4A /* FirebaseAnalytics */,
				0458E3CC295A00A3002C1A4A /* FirebaseAuth */,
				0458E3CE295A00A3002C1A4A /* FirebaseCrashlytics */,
				0458E3D0295A00A3002C1A4A /* FirebaseDatabase */,
				0458E3D2295A00A3002C1A4A /* FirebaseFirestore */,
				0458E3D4295A00A3002C1A4A /* FirebaseStorage */,
				0458E3DA295A0487002C1A4A /* GoogleSignIn */,
				042D643F2964B4E0005A8FC4 /* RxGesture */,
			);
			productName = checkMate;
			productReference = F757546927A4DF1800BFDF9B /* MateList.app */;
			productType = "com.apple.product-type.application";
		};
/* End PBXNativeTarget section */

/* Begin PBXProject section */
		F757546127A4DF1800BFDF9B /* Project object */ = {
			isa = PBXProject;
			attributes = {
				BuildIndependentTargetsInParallel = 1;
				LastSwiftUpdateCheck = 1410;
				LastUpgradeCheck = 1320;
				TargetAttributes = {
					0458E4012960A9C4002C1A4A = {
						CreatedOnToolsVersion = 14.1;
						TestTargetID = F757546827A4DF1800BFDF9B;
					};
					F757546827A4DF1800BFDF9B = {
						CreatedOnToolsVersion = 13.2.1;
					};
				};
			};
			buildConfigurationList = F757546427A4DF1800BFDF9B /* Build configuration list for PBXProject "MateList" */;
			compatibilityVersion = "Xcode 13.0";
			developmentRegion = en;
			hasScannedForEncodings = 0;
			knownRegions = (
				en,
				Base,
			);
			mainGroup = F757546027A4DF1800BFDF9B;
			packageReferences = (
				F731B77C27D4D5A5009670A4 /* XCRemoteSwiftPackageReference "DropDown" */,
				04718D1F2907CB3500481015 /* XCRemoteSwiftPackageReference "SnapKit" */,
				04718D222907CBA200481015 /* XCRemoteSwiftPackageReference "RxSwift" */,
				049231BE294858960084903D /* XCRemoteSwiftPackageReference "FlexLayout" */,
				044FA672294A4C9F00EA5C78 /* XCRemoteSwiftPackageReference "RxViewController" */,
				0458E3C9295A00A3002C1A4A /* XCRemoteSwiftPackageReference "firebase-ios-sdk" */,
				0458E3D9295A0487002C1A4A /* XCRemoteSwiftPackageReference "GoogleSignIn-iOS" */,
				042D643E2964B4E0005A8FC4 /* XCRemoteSwiftPackageReference "RxGesture" */,
			);
			productRefGroup = F757546A27A4DF1800BFDF9B /* Products */;
			projectDirPath = "";
			projectRoot = "";
			targets = (
				F757546827A4DF1800BFDF9B /* MateList */,
				0458E4012960A9C4002C1A4A /* MateListTests */,
			);
		};
/* End PBXProject section */

/* Begin PBXResourcesBuildPhase section */
		0458E4002960A9C4002C1A4A /* Resources */ = {
			isa = PBXResourcesBuildPhase;
			buildActionMask = 2147483647;
			files = (
			);
			runOnlyForDeploymentPostprocessing = 0;
		};
		F757546727A4DF1800BFDF9B /* Resources */ = {
			isa = PBXResourcesBuildPhase;
			buildActionMask = 2147483647;
			files = (
				04718D1E2907CA3400481015 /* NickName.storyboard in Resources */,
				A6B5B8202801BE9300D0CF98 /* GoogleService-Info.plist in Resources */,
				F7B4F41C27D7B5030045580F /* SurveyInput.storyboard in Resources */,
				F731B7A627D4FF09009670A4 /* Home.storyboard in Resources */,
				A600678027C7E4AA007C6EF1 /* (null) in Resources */,
				5A75AE8827D9F2F9001C796C /* Scrap.storyboard in Resources */,
				F7EEBACD27CF43B9009728AF /* Main.storyboard in Resources */,
				A60D25A127F72E9600E6A553 /* consent_popup.storyboard in Resources */,
				3FF0B03C27DA4E2C00CA147A /* Info.storyboard in Resources */,
				044B812828A172AF002E8851 /* Survey.storyboard in Resources */,
				F757547927A4DF1A00BFDF9B /* LaunchScreen.storyboard in Resources */,
				F7CDDF0F27D6E96300DB6A30 /* ContentsDetailView.storyboard in Resources */,
				F757547627A4DF1A00BFDF9B /* Assets.xcassets in Resources */,
				F7B4F41427D7A55A0045580F /* Write.storyboard in Resources */,
			);
			runOnlyForDeploymentPostprocessing = 0;
		};
/* End PBXResourcesBuildPhase section */

/* Begin PBXSourcesBuildPhase section */
		0458E3FE2960A9C4002C1A4A /* Sources */ = {
			isa = PBXSourcesBuildPhase;
			buildActionMask = 2147483647;
			files = (
				0458E41229612CDB002C1A4A /* MyProfileViewModel.swift in Sources */,
				0458E4052960A9C4002C1A4A /* MateListTests.swift in Sources */,
				0458E40E2960ACBC002C1A4A /* SampleUseCaseTest.swift in Sources */,
				0458E411296127FD002C1A4A /* MyProfileViewModelTests.swift in Sources */,
			);
			runOnlyForDeploymentPostprocessing = 0;
		};
		F757546527A4DF1800BFDF9B /* Sources */ = {
			isa = PBXSourcesBuildPhase;
			buildActionMask = 2147483647;
			files = (
				BC0BDC7C294CB6B000B73BE3 /* DefaultAppCoordinator.swift in Sources */,
				0407C0AE28A66642006AFA59 /* GlobalFunctions.swift in Sources */,
				042D64392964AD79005A8FC4 /* QuestionButtonViewModel.swift in Sources */,
				BCD6AB38294F1E6400FC27AD /* DefaultHomeCoordinator.swift in Sources */,
				046F1A872951A70E00B28371 /* HomeCellUseCaseProtocol.swift in Sources */,
				0458E3FA2960809D002C1A4A /* MyProfileViewModel.swift in Sources */,
				0458E3E7295B169D002C1A4A /* SettingViewController.swift in Sources */,
				046F1A79294FB42A00B28371 /* SampleRepo.swift in Sources */,
				BC2B9A0529430F2B0040DE46 /* SampleRepositoryInterface.swift in Sources */,
				043912BC2961F04F0005597F /* SettingRepository.swift in Sources */,
				049231C829485DC70084903D /* HomeCell.swift in Sources */,
				049231CC29487AB70084903D /* HomeViewController.swift in Sources */,
				046F1A7D29515C7500B28371 /* IDFirestoreRepository.swift in Sources */,
				040AA09927BECE16008F4BF5 /* Comment.swift in Sources */,
				040AA09727BECDDD008F4BF5 /* HabitCheck.swift in Sources */,
				046F1A8A2951CEE800B28371 /* IDFirestoreUseCase.swift in Sources */,
				043912BE2961F06E0005597F /* MyProfileUseCase.swift in Sources */,
				3FCF3B4E27F888EC008771B8 /* KeychainItem.swift in Sources */,
				0458E3E1295AEC92002C1A4A /* NickNameView.swift in Sources */,
				0458E3FD296083BA002C1A4A /* Dummy.swift in Sources */,
				F75452E927C7C5FB00E2DB41 /* FindMateViewController.swift in Sources */,
				046F1A7F29515C7F00B28371 /* IDFirestore.swift in Sources */,
				046F1A77294F834D00B28371 /* SampleConstant.swift in Sources */,
				04718D2C2907CBF600481015 /* TextField.swift in Sources */,
				F7B4F41A27D7B4CD0045580F /* SurveyViewCell.swift in Sources */,
				F76B581527C5378100B6626D /* DetailTextView.swift in Sources */,
				F76B582427C5380600B6626D /* WriteViewController.swift in Sources */,
				3F2245BE27D62763002F29FE /* UIColor.swift in Sources */,
				BCD6AB33294ECDA300FC27AD /* TabBarCoordinator.swift in Sources */,
				04718D1D2907CA3400481015 /* NickNameViewController.swift in Sources */,
				0458E3DF295AEC2F002C1A4A /* SignInButtonView.swift in Sources */,
				F75452E727C7C59900E2DB41 /* Post.swift in Sources */,
				F757546D27A4DF1800BFDF9B /* AppDelegate.swift in Sources */,
				046F1A72294F39E700B28371 /* DefaultFirestoreRepository.swift in Sources */,
				0458E3F6295EF8B6002C1A4A /* QuitButton.swift in Sources */,
				043912C12961FD220005597F /* SettingRepositoryProtocol.swift in Sources */,
				3FB23A5E27D79D3E00B8D071 /* FindMateTableViewCell.swift in Sources */,
				049231C629485DBD0084903D /* HomeViewModel.swift in Sources */,
				042D643D2964AD8F005A8FC4 /* QuitButtonViewModel.swift in Sources */,
				042D64372964AD6A005A8FC4 /* SurveyButtonViewModel.swift in Sources */,
				BCD6AB35294ECE5B00FC27AD /* DefaultTabBarCoordinator.swift in Sources */,
				046F1A65294F110800B28371 /* HomeDefaultUseCaseProtocol.swift in Sources */,
				BCD6AB2F294EC42600FC27AD /* CoordinatorType.swift in Sources */,
				A60D25A327F7317700E6A553 /* consent_popup.swift in Sources */,
				0407C0B128A91A65006AFA59 /* Email.swift in Sources */,
				046F1A8C2951CEF600B28371 /* IDFirestoreUseCaseProtocol.swift in Sources */,
				BC0C020429484384006B281E /* AppCoordinator.swift in Sources */,
				0458E3F2295EF88F002C1A4A /* QuestionButton.swift in Sources */,
				BCB0FFA829552A9000A1115A /* CoordinatorFinishDelegate.swift in Sources */,
				F757546F27A4DF1800BFDF9B /* SceneDelegate.swift in Sources */,
				F7B4F41827D7B4C00045580F /* ServeyInputViewController.swift in Sources */,
				0458E3DD295AEC0D002C1A4A /* MyProfileView.swift in Sources */,
				046F1A63294F10DF00B28371 /* HomeDefaultUseCase.swift in Sources */,
				F7B4F42027D7B7460045580F /* SurveyInputViewCell.swift in Sources */,
				0458E3ED295B19BE002C1A4A /* BaseViewController.swift in Sources */,
				BC0C02022948433F006B281E /* Coordinator.swift in Sources */,
				0444E00227C825A500B49F8B /* ScrapViewController.swift in Sources */,
				049231C429485DB50084903D /* HomeTableView.swift in Sources */,
				046F1A832951A51D00B28371 /* HomeCellViewModel.swift in Sources */,
				04BB243727ACED960003DA33 /* InfoViewController.swift in Sources */,
				F7B4F41627D7B4B80045580F /* SurveyViewController.swift in Sources */,
				0458E3F0295EF76B002C1A4A /* SurveyButton.swift in Sources */,
				0458E3BB29581F13002C1A4A /* SampleCoordinator.swift in Sources */,
				BC9A4925295025FC00E1D9C8 /* HomeCoordinator.swift in Sources */,
				040AA09527BECD61008F4BF5 /* User.swift in Sources */,
				044FA685294B7A8C00EA5C78 /* UIFont.swift in Sources */,
				046F1A74294F39F900B28371 /* DefaultFirestore.swift in Sources */,
				F76B581E27C5380600B6626D /* ContentsDetailViewController.swift in Sources */,
				046F1A852951A6F000B28371 /* HomeCellUseCase.swift in Sources */,
				BCD6AB31294ECBFB00FC27AD /* TabBarPage.swift in Sources */,
				0458E3EB295B19B6002C1A4A /* BaseView.swift in Sources */,
				0458E3F8295F1E3D002C1A4A /* UIView.swift in Sources */,
				0458E3F4295EF89D002C1A4A /* SignOutButton.swift in Sources */,
				040C118328F16D380012160E /* Auth.swift in Sources */,
				049231CA29487AA10084903D /* WriteButton.swift in Sources */,
			);
			runOnlyForDeploymentPostprocessing = 0;
		};
/* End PBXSourcesBuildPhase section */

/* Begin PBXTargetDependency section */
		0458E4072960A9C4002C1A4A /* PBXTargetDependency */ = {
			isa = PBXTargetDependency;
			target = F757546827A4DF1800BFDF9B /* MateList */;
			targetProxy = 0458E4062960A9C4002C1A4A /* PBXContainerItemProxy */;
		};
/* End PBXTargetDependency section */

/* Begin PBXVariantGroup section */
		F757547727A4DF1A00BFDF9B /* LaunchScreen.storyboard */ = {
			isa = PBXVariantGroup;
			children = (
				F757547827A4DF1A00BFDF9B /* Base */,
			);
			name = LaunchScreen.storyboard;
			sourceTree = "<group>";
		};
/* End PBXVariantGroup section */

/* Begin XCBuildConfiguration section */
		0458E4082960A9C4002C1A4A /* Debug */ = {
			isa = XCBuildConfiguration;
			buildSettings = {
				BUNDLE_LOADER = "$(TEST_HOST)";
				CLANG_CXX_LANGUAGE_STANDARD = "gnu++20";
				CODE_SIGN_STYLE = Automatic;
				CURRENT_PROJECT_VERSION = 1;
				DEVELOPMENT_TEAM = TDUR55YWW6;
				GENERATE_INFOPLIST_FILE = YES;
				IPHONEOS_DEPLOYMENT_TARGET = 16.1;
				MARKETING_VERSION = 1.0;
				PRODUCT_BUNDLE_IDENTIFIER = com.ognam.MateListTests;
				PRODUCT_NAME = "$(TARGET_NAME)";
				SWIFT_EMIT_LOC_STRINGS = NO;
				SWIFT_VERSION = 5.0;
				TARGETED_DEVICE_FAMILY = "1,2";
				TEST_HOST = "$(BUILT_PRODUCTS_DIR)/MateList.app/$(BUNDLE_EXECUTABLE_FOLDER_PATH)/MateList";
			};
			name = Debug;
		};
		0458E4092960A9C4002C1A4A /* Release */ = {
			isa = XCBuildConfiguration;
			buildSettings = {
				BUNDLE_LOADER = "$(TEST_HOST)";
				CLANG_CXX_LANGUAGE_STANDARD = "gnu++20";
				CODE_SIGN_STYLE = Automatic;
				CURRENT_PROJECT_VERSION = 1;
				DEVELOPMENT_TEAM = TDUR55YWW6;
				GENERATE_INFOPLIST_FILE = YES;
				IPHONEOS_DEPLOYMENT_TARGET = 16.1;
				MARKETING_VERSION = 1.0;
				PRODUCT_BUNDLE_IDENTIFIER = com.ognam.MateListTests;
				PRODUCT_NAME = "$(TARGET_NAME)";
				SWIFT_EMIT_LOC_STRINGS = NO;
				SWIFT_VERSION = 5.0;
				TARGETED_DEVICE_FAMILY = "1,2";
				TEST_HOST = "$(BUILT_PRODUCTS_DIR)/MateList.app/$(BUNDLE_EXECUTABLE_FOLDER_PATH)/MateList";
			};
			name = Release;
		};
		F757547B27A4DF1A00BFDF9B /* Debug */ = {
			isa = XCBuildConfiguration;
			buildSettings = {
				ALWAYS_SEARCH_USER_PATHS = NO;
				CLANG_ANALYZER_NONNULL = YES;
				CLANG_ANALYZER_NUMBER_OBJECT_CONVERSION = YES_AGGRESSIVE;
				CLANG_CXX_LANGUAGE_STANDARD = "gnu++17";
				CLANG_CXX_LIBRARY = "libc++";
				CLANG_ENABLE_MODULES = YES;
				CLANG_ENABLE_OBJC_ARC = YES;
				CLANG_ENABLE_OBJC_WEAK = YES;
				CLANG_WARN_BLOCK_CAPTURE_AUTORELEASING = YES;
				CLANG_WARN_BOOL_CONVERSION = YES;
				CLANG_WARN_COMMA = YES;
				CLANG_WARN_CONSTANT_CONVERSION = YES;
				CLANG_WARN_DEPRECATED_OBJC_IMPLEMENTATIONS = YES;
				CLANG_WARN_DIRECT_OBJC_ISA_USAGE = YES_ERROR;
				CLANG_WARN_DOCUMENTATION_COMMENTS = YES;
				CLANG_WARN_EMPTY_BODY = YES;
				CLANG_WARN_ENUM_CONVERSION = YES;
				CLANG_WARN_INFINITE_RECURSION = YES;
				CLANG_WARN_INT_CONVERSION = YES;
				CLANG_WARN_NON_LITERAL_NULL_CONVERSION = YES;
				CLANG_WARN_OBJC_IMPLICIT_RETAIN_SELF = YES;
				CLANG_WARN_OBJC_LITERAL_CONVERSION = YES;
				CLANG_WARN_OBJC_ROOT_CLASS = YES_ERROR;
				CLANG_WARN_QUOTED_INCLUDE_IN_FRAMEWORK_HEADER = YES;
				CLANG_WARN_RANGE_LOOP_ANALYSIS = YES;
				CLANG_WARN_STRICT_PROTOTYPES = YES;
				CLANG_WARN_SUSPICIOUS_MOVE = YES;
				CLANG_WARN_UNGUARDED_AVAILABILITY = YES_AGGRESSIVE;
				CLANG_WARN_UNREACHABLE_CODE = YES;
				CLANG_WARN__DUPLICATE_METHOD_MATCH = YES;
				COPY_PHASE_STRIP = NO;
				DEBUG_INFORMATION_FORMAT = dwarf;
				ENABLE_STRICT_OBJC_MSGSEND = YES;
				ENABLE_TESTABILITY = YES;
				GCC_C_LANGUAGE_STANDARD = gnu11;
				GCC_DYNAMIC_NO_PIC = NO;
				GCC_NO_COMMON_BLOCKS = YES;
				GCC_OPTIMIZATION_LEVEL = 0;
				GCC_PREPROCESSOR_DEFINITIONS = (
					"DEBUG=1",
					"$(inherited)",
				);
				GCC_WARN_64_TO_32_BIT_CONVERSION = YES;
				GCC_WARN_ABOUT_RETURN_TYPE = YES_ERROR;
				GCC_WARN_UNDECLARED_SELECTOR = YES;
				GCC_WARN_UNINITIALIZED_AUTOS = YES_AGGRESSIVE;
				GCC_WARN_UNUSED_FUNCTION = YES;
				GCC_WARN_UNUSED_VARIABLE = YES;
				IPHONEOS_DEPLOYMENT_TARGET = 13;
				MTL_ENABLE_DEBUG_INFO = INCLUDE_SOURCE;
				MTL_FAST_MATH = YES;
				ONLY_ACTIVE_ARCH = YES;
				SDKROOT = iphoneos;
				SWIFT_ACTIVE_COMPILATION_CONDITIONS = DEBUG;
				SWIFT_OPTIMIZATION_LEVEL = "-Onone";
			};
			name = Debug;
		};
		F757547C27A4DF1A00BFDF9B /* Release */ = {
			isa = XCBuildConfiguration;
			buildSettings = {
				ALWAYS_SEARCH_USER_PATHS = NO;
				CLANG_ANALYZER_NONNULL = YES;
				CLANG_ANALYZER_NUMBER_OBJECT_CONVERSION = YES_AGGRESSIVE;
				CLANG_CXX_LANGUAGE_STANDARD = "gnu++17";
				CLANG_CXX_LIBRARY = "libc++";
				CLANG_ENABLE_MODULES = YES;
				CLANG_ENABLE_OBJC_ARC = YES;
				CLANG_ENABLE_OBJC_WEAK = YES;
				CLANG_WARN_BLOCK_CAPTURE_AUTORELEASING = YES;
				CLANG_WARN_BOOL_CONVERSION = YES;
				CLANG_WARN_COMMA = YES;
				CLANG_WARN_CONSTANT_CONVERSION = YES;
				CLANG_WARN_DEPRECATED_OBJC_IMPLEMENTATIONS = YES;
				CLANG_WARN_DIRECT_OBJC_ISA_USAGE = YES_ERROR;
				CLANG_WARN_DOCUMENTATION_COMMENTS = YES;
				CLANG_WARN_EMPTY_BODY = YES;
				CLANG_WARN_ENUM_CONVERSION = YES;
				CLANG_WARN_INFINITE_RECURSION = YES;
				CLANG_WARN_INT_CONVERSION = YES;
				CLANG_WARN_NON_LITERAL_NULL_CONVERSION = YES;
				CLANG_WARN_OBJC_IMPLICIT_RETAIN_SELF = YES;
				CLANG_WARN_OBJC_LITERAL_CONVERSION = YES;
				CLANG_WARN_OBJC_ROOT_CLASS = YES_ERROR;
				CLANG_WARN_QUOTED_INCLUDE_IN_FRAMEWORK_HEADER = YES;
				CLANG_WARN_RANGE_LOOP_ANALYSIS = YES;
				CLANG_WARN_STRICT_PROTOTYPES = YES;
				CLANG_WARN_SUSPICIOUS_MOVE = YES;
				CLANG_WARN_UNGUARDED_AVAILABILITY = YES_AGGRESSIVE;
				CLANG_WARN_UNREACHABLE_CODE = YES;
				CLANG_WARN__DUPLICATE_METHOD_MATCH = YES;
				COPY_PHASE_STRIP = NO;
				DEBUG_INFORMATION_FORMAT = "dwarf-with-dsym";
				ENABLE_NS_ASSERTIONS = NO;
				ENABLE_STRICT_OBJC_MSGSEND = YES;
				GCC_C_LANGUAGE_STANDARD = gnu11;
				GCC_NO_COMMON_BLOCKS = YES;
				GCC_WARN_64_TO_32_BIT_CONVERSION = YES;
				GCC_WARN_ABOUT_RETURN_TYPE = YES_ERROR;
				GCC_WARN_UNDECLARED_SELECTOR = YES;
				GCC_WARN_UNINITIALIZED_AUTOS = YES_AGGRESSIVE;
				GCC_WARN_UNUSED_FUNCTION = YES;
				GCC_WARN_UNUSED_VARIABLE = YES;
				IPHONEOS_DEPLOYMENT_TARGET = 13;
				MTL_ENABLE_DEBUG_INFO = NO;
				MTL_FAST_MATH = YES;
				SDKROOT = iphoneos;
				SWIFT_COMPILATION_MODE = wholemodule;
				SWIFT_OPTIMIZATION_LEVEL = "-O";
				VALIDATE_PRODUCT = YES;
			};
			name = Release;
		};
		F757547E27A4DF1A00BFDF9B /* Debug */ = {
			isa = XCBuildConfiguration;
			buildSettings = {
				ASSETCATALOG_COMPILER_APPICON_NAME = AppIcon;
				ASSETCATALOG_COMPILER_GLOBAL_ACCENT_COLOR_NAME = AccentColor;
				CODE_SIGN_ENTITLEMENTS = MateList/MateList.entitlements;
				CODE_SIGN_STYLE = Automatic;
				CURRENT_PROJECT_VERSION = 6;
				DEVELOPMENT_TEAM = TDUR55YWW6;
				GENERATE_INFOPLIST_FILE = YES;
				INFOPLIST_FILE = MateList/Info.plist;
				INFOPLIST_KEY_CFBundleDisplayName = MateList;
				INFOPLIST_KEY_UIApplicationSupportsIndirectInputEvents = YES;
				INFOPLIST_KEY_UILaunchStoryboardName = LaunchScreen;
				INFOPLIST_KEY_UIMainStoryboardFile = Main;
				INFOPLIST_KEY_UISupportedInterfaceOrientations_iPad = "UIInterfaceOrientationPortrait UIInterfaceOrientationPortraitUpsideDown UIInterfaceOrientationLandscapeLeft UIInterfaceOrientationLandscapeRight";
				INFOPLIST_KEY_UISupportedInterfaceOrientations_iPhone = "UIInterfaceOrientationPortrait UIInterfaceOrientationLandscapeLeft UIInterfaceOrientationLandscapeRight";
				INFOPLIST_KEY_UIUserInterfaceStyle = Light;
				LD_RUNPATH_SEARCH_PATHS = (
					"$(inherited)",
					"@executable_path/Frameworks",
				);
				MARKETING_VERSION = 1.0.0;
				PRODUCT_BUNDLE_IDENTIFIER = "com.ognam.Mate-List";
				PRODUCT_NAME = "$(TARGET_NAME)";
				SWIFT_EMIT_LOC_STRINGS = YES;
				SWIFT_VERSION = 5.0;
				TARGETED_DEVICE_FAMILY = 1;
			};
			name = Debug;
		};
		F757547F27A4DF1A00BFDF9B /* Release */ = {
			isa = XCBuildConfiguration;
			buildSettings = {
				ASSETCATALOG_COMPILER_APPICON_NAME = AppIcon;
				ASSETCATALOG_COMPILER_GLOBAL_ACCENT_COLOR_NAME = AccentColor;
				CODE_SIGN_ENTITLEMENTS = MateList/MateList.entitlements;
				CODE_SIGN_IDENTITY = "Apple Development";
				CODE_SIGN_STYLE = Automatic;
				CURRENT_PROJECT_VERSION = 6;
				DEVELOPMENT_TEAM = TDUR55YWW6;
				GENERATE_INFOPLIST_FILE = YES;
				INFOPLIST_FILE = MateList/Info.plist;
				INFOPLIST_KEY_CFBundleDisplayName = MateList;
				INFOPLIST_KEY_UIApplicationSupportsIndirectInputEvents = YES;
				INFOPLIST_KEY_UILaunchStoryboardName = LaunchScreen;
				INFOPLIST_KEY_UIMainStoryboardFile = Main;
				INFOPLIST_KEY_UISupportedInterfaceOrientations_iPad = "UIInterfaceOrientationPortrait UIInterfaceOrientationPortraitUpsideDown UIInterfaceOrientationLandscapeLeft UIInterfaceOrientationLandscapeRight";
				INFOPLIST_KEY_UISupportedInterfaceOrientations_iPhone = "UIInterfaceOrientationPortrait UIInterfaceOrientationLandscapeLeft UIInterfaceOrientationLandscapeRight";
				INFOPLIST_KEY_UIUserInterfaceStyle = Light;
				LD_RUNPATH_SEARCH_PATHS = (
					"$(inherited)",
					"@executable_path/Frameworks",
				);
				MARKETING_VERSION = 1.0.0;
				ONLY_ACTIVE_ARCH = YES;
				PRODUCT_BUNDLE_IDENTIFIER = "com.ognam.Mate-List";
				PRODUCT_NAME = "$(TARGET_NAME)";
				PROVISIONING_PROFILE_SPECIFIER = "";
				SWIFT_EMIT_LOC_STRINGS = YES;
				SWIFT_VERSION = 5.0;
				TARGETED_DEVICE_FAMILY = 1;
			};
			name = Release;
		};
/* End XCBuildConfiguration section */

/* Begin XCConfigurationList section */
		0458E40A2960A9C4002C1A4A /* Build configuration list for PBXNativeTarget "MateListTests" */ = {
			isa = XCConfigurationList;
			buildConfigurations = (
				0458E4082960A9C4002C1A4A /* Debug */,
				0458E4092960A9C4002C1A4A /* Release */,
			);
			defaultConfigurationIsVisible = 0;
			defaultConfigurationName = Release;
		};
		F757546427A4DF1800BFDF9B /* Build configuration list for PBXProject "MateList" */ = {
			isa = XCConfigurationList;
			buildConfigurations = (
				F757547B27A4DF1A00BFDF9B /* Debug */,
				F757547C27A4DF1A00BFDF9B /* Release */,
			);
			defaultConfigurationIsVisible = 0;
			defaultConfigurationName = Release;
		};
		F757547D27A4DF1A00BFDF9B /* Build configuration list for PBXNativeTarget "MateList" */ = {
			isa = XCConfigurationList;
			buildConfigurations = (
				F757547E27A4DF1A00BFDF9B /* Debug */,
				F757547F27A4DF1A00BFDF9B /* Release */,
			);
			defaultConfigurationIsVisible = 0;
			defaultConfigurationName = Release;
		};
/* End XCConfigurationList section */

/* Begin XCRemoteSwiftPackageReference section */
		042D643E2964B4E0005A8FC4 /* XCRemoteSwiftPackageReference "RxGesture" */ = {
			isa = XCRemoteSwiftPackageReference;
			repositoryURL = "https://github.com/RxSwiftCommunity/RxGesture.git";
			requirement = {
				branch = main;
				kind = branch;
			};
		};
		044FA672294A4C9F00EA5C78 /* XCRemoteSwiftPackageReference "RxViewController" */ = {
			isa = XCRemoteSwiftPackageReference;
			repositoryURL = "https://github.com/devxoul/RxViewController.git";
			requirement = {
				kind = upToNextMajorVersion;
				minimumVersion = 2.0.0;
			};
		};
		0458E3C9295A00A3002C1A4A /* XCRemoteSwiftPackageReference "firebase-ios-sdk" */ = {
			isa = XCRemoteSwiftPackageReference;
			repositoryURL = "https://github.com/firebase/firebase-ios-sdk";
			requirement = {
				branch = master;
				kind = branch;
			};
		};
		0458E3D9295A0487002C1A4A /* XCRemoteSwiftPackageReference "GoogleSignIn-iOS" */ = {
			isa = XCRemoteSwiftPackageReference;
			repositoryURL = "https://github.com/google/GoogleSignIn-iOS.git";
			requirement = {
				branch = main;
				kind = branch;
			};
		};
		04718D1F2907CB3500481015 /* XCRemoteSwiftPackageReference "SnapKit" */ = {
			isa = XCRemoteSwiftPackageReference;
			repositoryURL = "https://github.com/SnapKit/SnapKit";
			requirement = {
				branch = develop;
				kind = branch;
			};
		};
		04718D222907CBA200481015 /* XCRemoteSwiftPackageReference "RxSwift" */ = {
			isa = XCRemoteSwiftPackageReference;
			repositoryURL = "https://github.com/ReactiveX/RxSwift.git";
			requirement = {
				branch = main;
				kind = branch;
			};
		};
		049231BE294858960084903D /* XCRemoteSwiftPackageReference "FlexLayout" */ = {
			isa = XCRemoteSwiftPackageReference;
			repositoryURL = "https://github.com/layoutBox/FlexLayout.git";
			requirement = {
				kind = upToNextMajorVersion;
				minimumVersion = 1.0.0;
			};
		};
		F731B77C27D4D5A5009670A4 /* XCRemoteSwiftPackageReference "DropDown" */ = {
			isa = XCRemoteSwiftPackageReference;
			repositoryURL = "https://github.com/AssistoLab/DropDown.git";
			requirement = {
				branch = master;
				kind = branch;
			};
		};
/* End XCRemoteSwiftPackageReference section */

/* Begin XCSwiftPackageProductDependency section */
		042D643F2964B4E0005A8FC4 /* RxGesture */ = {
			isa = XCSwiftPackageProductDependency;
			package = 042D643E2964B4E0005A8FC4 /* XCRemoteSwiftPackageReference "RxGesture" */;
			productName = RxGesture;
		};
		044FA673294A4C9F00EA5C78 /* RxViewController */ = {
			isa = XCSwiftPackageProductDependency;
			package = 044FA672294A4C9F00EA5C78 /* XCRemoteSwiftPackageReference "RxViewController" */;
			productName = RxViewController;
		};
		0458E3CA295A00A3002C1A4A /* FirebaseAnalytics */ = {
			isa = XCSwiftPackageProductDependency;
			package = 0458E3C9295A00A3002C1A4A /* XCRemoteSwiftPackageReference "firebase-ios-sdk" */;
			productName = FirebaseAnalytics;
		};
		0458E3CC295A00A3002C1A4A /* FirebaseAuth */ = {
			isa = XCSwiftPackageProductDependency;
			package = 0458E3C9295A00A3002C1A4A /* XCRemoteSwiftPackageReference "firebase-ios-sdk" */;
			productName = FirebaseAuth;
		};
		0458E3CE295A00A3002C1A4A /* FirebaseCrashlytics */ = {
			isa = XCSwiftPackageProductDependency;
			package = 0458E3C9295A00A3002C1A4A /* XCRemoteSwiftPackageReference "firebase-ios-sdk" */;
			productName = FirebaseCrashlytics;
		};
		0458E3D0295A00A3002C1A4A /* FirebaseDatabase */ = {
			isa = XCSwiftPackageProductDependency;
			package = 0458E3C9295A00A3002C1A4A /* XCRemoteSwiftPackageReference "firebase-ios-sdk" */;
			productName = FirebaseDatabase;
		};
		0458E3D2295A00A3002C1A4A /* FirebaseFirestore */ = {
			isa = XCSwiftPackageProductDependency;
			package = 0458E3C9295A00A3002C1A4A /* XCRemoteSwiftPackageReference "firebase-ios-sdk" */;
			productName = FirebaseFirestore;
		};
		0458E3D4295A00A3002C1A4A /* FirebaseStorage */ = {
			isa = XCSwiftPackageProductDependency;
			package = 0458E3C9295A00A3002C1A4A /* XCRemoteSwiftPackageReference "firebase-ios-sdk" */;
			productName = FirebaseStorage;
		};
		0458E3DA295A0487002C1A4A /* GoogleSignIn */ = {
			isa = XCSwiftPackageProductDependency;
			package = 0458E3D9295A0487002C1A4A /* XCRemoteSwiftPackageReference "GoogleSignIn-iOS" */;
			productName = GoogleSignIn;
		};
		04718D202907CB3500481015 /* SnapKit */ = {
			isa = XCSwiftPackageProductDependency;
			package = 04718D1F2907CB3500481015 /* XCRemoteSwiftPackageReference "SnapKit" */;
			productName = SnapKit;
		};
		04718D232907CBA200481015 /* RxCocoa */ = {
			isa = XCSwiftPackageProductDependency;
			package = 04718D222907CBA200481015 /* XCRemoteSwiftPackageReference "RxSwift" */;
			productName = RxCocoa;
		};
		04718D252907CBA200481015 /* RxRelay */ = {
			isa = XCSwiftPackageProductDependency;
			package = 04718D222907CBA200481015 /* XCRemoteSwiftPackageReference "RxSwift" */;
			productName = RxRelay;
		};
		04718D272907CBA200481015 /* RxSwift */ = {
			isa = XCSwiftPackageProductDependency;
			package = 04718D222907CBA200481015 /* XCRemoteSwiftPackageReference "RxSwift" */;
			productName = RxSwift;
		};
		049231BF294858960084903D /* FlexLayout */ = {
			isa = XCSwiftPackageProductDependency;
			package = 049231BE294858960084903D /* XCRemoteSwiftPackageReference "FlexLayout" */;
			productName = FlexLayout;
		};
		F731B77D27D4D5A5009670A4 /* DropDown */ = {
			isa = XCSwiftPackageProductDependency;
			package = F731B77C27D4D5A5009670A4 /* XCRemoteSwiftPackageReference "DropDown" */;
			productName = DropDown;
		};
/* End XCSwiftPackageProductDependency section */
	};
	rootObject = F757546127A4DF1800BFDF9B /* Project object */;
}
